
Microsoft Visual Studio Solution File, Format Version 12.00
# Visual Studio 15
VisualStudioVersion = 15.0.26124.0
MinimumVisualStudioVersion = 15.0.26124.0
Project("{2150E333-8FDC-42A3-9474-1A3956D46DE8}") = "_", "_", "{AA997E07-73C4-4EED-B05D-433296D16E64}"
	ProjectSection(SolutionItems) = preProject
		Directory.Build.props = Directory.Build.props
		Packages.props = Packages.props
		Directory.Build.targets = Directory.Build.targets
		README.md = README.md
	EndProjectSection
EndProject
Project("{FAE04EC0-301F-11D3-BF4B-00C04F79EFBC}") = "Core", "src\Core\Core.csproj", "{44EAFD91-D991-466D-A4B8-74ACAC27366C}"
EndProject
Project("{FAE04EC0-301F-11D3-BF4B-00C04F79EFBC}") = "Db", "src\Db\Db.csproj", "{7436CC88-EE74-477B-AEDC-D600570FD61D}"
EndProject
Project("{FAE04EC0-301F-11D3-BF4B-00C04F79EFBC}") = "Host", "src\Host\Host.csproj", "{31DB8413-EBD0-4077-929B-E01A72B77F55}"
EndProject
Project("{FAE04EC0-301F-11D3-BF4B-00C04F79EFBC}") = "UI.Blazor.Core", "src\UI.Blazor.Core\UI.Blazor.Core.csproj", "{54241A39-7077-406A-A6C7-071BB2A45AE2}"
EndProject
Project("{FAE04EC0-301F-11D3-BF4B-00C04F79EFBC}") = "UI.Blazor.Host", "src\UI.Blazor.Host\UI.Blazor.Host.csproj", "{025E2CF3-0995-4A9D-BA35-7319821DC957}"
EndProject
Project("{2150E333-8FDC-42A3-9474-1A3956D46DE8}") = "src", "src", "{E3E06115-E461-44C2-AE04-1F973E0067AF}"
EndProject
Project("{2150E333-8FDC-42A3-9474-1A3956D46DE8}") = "Services", "Services", "{382FB5ED-19C3-4A97-9A93-98338AE9A508}"
ProjectSection(SolutionItems) = preProject
	src\Services\Directory.Build.props = src\Services\Directory.Build.props
EndProjectSection
EndProject
Project("{2150E333-8FDC-42A3-9474-1A3956D46DE8}") = "Audio", "Audio", "{1CE0CC27-4F28-4687-B8F4-E1A5F7975BC4}"
EndProject
Project("{FAE04EC0-301F-11D3-BF4B-00C04F79EFBC}") = "Contract", "src\Services\Audio\Contract\Contract.csproj", "{E5122AC2-183B-4F91-9170-668BED75FA91}"
EndProject
Project("{FAE04EC0-301F-11D3-BF4B-00C04F79EFBC}") = "Client", "src\Services\Audio\Client\Client.csproj", "{3085F27B-CCF7-4D8B-8C42-6C80DE899701}"
EndProject
Project("{FAE04EC0-301F-11D3-BF4B-00C04F79EFBC}") = "Service", "src\Services\Audio\Service\Service.csproj", "{8AD824D3-5929-40FE-AE9F-0C49423F1736}"
EndProject
Project("{FAE04EC0-301F-11D3-BF4B-00C04F79EFBC}") = "UI.Blazor", "src\Services\Audio\UI.Blazor\UI.Blazor.csproj", "{80E1466D-E3FC-4FD3-94D8-393381D335D8}"
EndProject
Project("{2150E333-8FDC-42A3-9474-1A3956D46DE8}") = "Chat", "Chat", "{2AFC898B-25BA-411C-8D68-CE9F837B8845}"
EndProject
Project("{FAE04EC0-301F-11D3-BF4B-00C04F79EFBC}") = "Client", "src\Services\Chat\Client\Client.csproj", "{7FF5B722-7290-4BD2-984A-C7E6016888E8}"
EndProject
Project("{FAE04EC0-301F-11D3-BF4B-00C04F79EFBC}") = "Contract", "src\Services\Chat\Contract\Contract.csproj", "{33DD3459-7BA5-402B-9D27-544020187D55}"
EndProject
Project("{FAE04EC0-301F-11D3-BF4B-00C04F79EFBC}") = "Service", "src\Services\Chat\Service\Service.csproj", "{CD44F9B9-3B5C-438B-960C-1A9660492D79}"
EndProject
Project("{FAE04EC0-301F-11D3-BF4B-00C04F79EFBC}") = "UI.Blazor", "src\Services\Chat\UI.Blazor\UI.Blazor.csproj", "{5F7D06EC-48CB-4442-B919-68FF265A8E32}"
EndProject
Project("{2150E333-8FDC-42A3-9474-1A3956D46DE8}") = "Transcription", "Transcription", "{8384AC67-A8C9-46AC-A16C-6B46EF8E979E}"
EndProject
Project("{FAE04EC0-301F-11D3-BF4B-00C04F79EFBC}") = "Contract", "src\Services\Transcription\Contract\Contract.csproj", "{04BB2C46-C32F-4662-9C62-21662EF6D297}"
EndProject
Project("{FAE04EC0-301F-11D3-BF4B-00C04F79EFBC}") = "Service", "src\Services\Transcription\Service\Service.csproj", "{52C99BE4-9608-4466-97BB-67EACCF18E5E}"
EndProject
Project("{2150E333-8FDC-42A3-9474-1A3956D46DE8}") = "Users", "Users", "{922B2CF2-ABF9-4E9F-8B4B-D147D77333A2}"
EndProject
Project("{FAE04EC0-301F-11D3-BF4B-00C04F79EFBC}") = "Client", "src\Services\Users\Client\Client.csproj", "{9441F592-0C45-4C12-A404-5E0715F020F1}"
EndProject
Project("{FAE04EC0-301F-11D3-BF4B-00C04F79EFBC}") = "Contract", "src\Services\Users\Contract\Contract.csproj", "{03C0AE64-46E4-4F67-B76E-CC9E76AAE816}"
EndProject
Project("{FAE04EC0-301F-11D3-BF4B-00C04F79EFBC}") = "Service", "src\Services\Users\Service\Service.csproj", "{FA5437AC-EEC7-48D4-B156-6F4A3047358E}"
EndProject
Project("{FAE04EC0-301F-11D3-BF4B-00C04F79EFBC}") = "UI.Blazor", "src\Services\Users\UI.Blazor\UI.Blazor.csproj", "{0E4BE433-48F8-47F2-A1C7-D07364BF759C}"
EndProject
Project("{FAE04EC0-301F-11D3-BF4B-00C04F79EFBC}") = "Blobs", "src\Blobs\Blobs.csproj", "{2905477E-8832-49EF-84A8-A1E5B4D5E69D}"
EndProject
Project("{2150E333-8FDC-42A3-9474-1A3956D46DE8}") = "tests", "tests", "{5C89F83E-05D8-45CF-9E57-C8C82D415DCE}"
ProjectSection(SolutionItems) = preProject
	tests\Directory.Build.props = tests\Directory.Build.props
EndProjectSection
EndProject
Project("{FAE04EC0-301F-11D3-BF4B-00C04F79EFBC}") = "Tests.Core", "tests\Tests.Core\Tests.Core.csproj", "{EF44D8E6-0B12-465E-8641-0ADEF0B8549D}"
EndProject
Project("{FAE04EC0-301F-11D3-BF4B-00C04F79EFBC}") = "Tests.Transcription", "tests\Tests.Transcription\Tests.Transcription.csproj", "{8191ECBB-E651-40F3-925E-7358D4F0526E}"
EndProject
Project("{FAE04EC0-301F-11D3-BF4B-00C04F79EFBC}") = "Tests.UI.Blazor", "tests\Tests.UI.Blazor\Tests.UI.Blazor.csproj", "{F32C5FEA-767F-42E9-8F66-7ECC4AF7A47F}"
EndProject
Project("{FAE04EC0-301F-11D3-BF4B-00C04F79EFBC}") = "Tests.Audio", "tests\Tests.Audio\Tests.Audio.csproj", "{8F80A4AE-733A-4DDA-B663-333E44352D12}"
EndProject
Project("{FAE04EC0-301F-11D3-BF4B-00C04F79EFBC}") = "Testing.Host", "src\Testing.Host\Testing.Host.csproj", "{69505BC6-0B2F-4163-91C9-464BDEC7BA78}"
EndProject
Project("{FAE04EC0-301F-11D3-BF4B-00C04F79EFBC}") = "Testing", "src\Testing\Testing.csproj", "{3A48EA68-6AD2-4EFD-AB62-56294067AA25}"
EndProject
Project("{FAE04EC0-301F-11D3-BF4B-00C04F79EFBC}") = "Web", "src\Web\Web.csproj", "{FD26DABB-FAD6-444B-A635-77B460A10D7D}"
EndProject
Project("{2150E333-8FDC-42A3-9474-1A3956D46DE8}") = "Distribution", "Distribution", "{0B1E2A8B-D023-45AC-A724-423A7A009A58}"
EndProject
Project("{FAE04EC0-301F-11D3-BF4B-00C04F79EFBC}") = "Service", "src\Services\Distribution\Service\Service.csproj", "{573B28B9-7959-4AD2-85DE-F388BF08FAF9}"
EndProject
Project("{FAE04EC0-301F-11D3-BF4B-00C04F79EFBC}") = "Contract", "src\Services\Distribution\Contract\Contract.csproj", "{36A15568-06A0-4982-A6AB-EF9C0237DEB8}"
EndProject
Project("{FAE04EC0-301F-11D3-BF4B-00C04F79EFBC}") = "Client", "src\Services\Distribution\Client\Client.csproj", "{0842AD31-615D-4E52-B8DD-D961DAB0558A}"
EndProject
Global
	GlobalSection(SolutionConfigurationPlatforms) = preSolution
		Debug|Any CPU = Debug|Any CPU
		Debug|x64 = Debug|x64
		Debug|x86 = Debug|x86
		Release|Any CPU = Release|Any CPU
		Release|x64 = Release|x64
		Release|x86 = Release|x86
	EndGlobalSection
	GlobalSection(SolutionProperties) = preSolution
		HideSolutionNode = FALSE
	EndGlobalSection
	GlobalSection(ProjectConfigurationPlatforms) = postSolution
		{44EAFD91-D991-466D-A4B8-74ACAC27366C}.Debug|Any CPU.ActiveCfg = Debug|Any CPU
		{44EAFD91-D991-466D-A4B8-74ACAC27366C}.Debug|Any CPU.Build.0 = Debug|Any CPU
		{44EAFD91-D991-466D-A4B8-74ACAC27366C}.Debug|x64.ActiveCfg = Debug|Any CPU
		{44EAFD91-D991-466D-A4B8-74ACAC27366C}.Debug|x64.Build.0 = Debug|Any CPU
		{44EAFD91-D991-466D-A4B8-74ACAC27366C}.Debug|x86.ActiveCfg = Debug|Any CPU
		{44EAFD91-D991-466D-A4B8-74ACAC27366C}.Debug|x86.Build.0 = Debug|Any CPU
		{44EAFD91-D991-466D-A4B8-74ACAC27366C}.Release|Any CPU.ActiveCfg = Release|Any CPU
		{44EAFD91-D991-466D-A4B8-74ACAC27366C}.Release|Any CPU.Build.0 = Release|Any CPU
		{44EAFD91-D991-466D-A4B8-74ACAC27366C}.Release|x64.ActiveCfg = Release|Any CPU
		{44EAFD91-D991-466D-A4B8-74ACAC27366C}.Release|x64.Build.0 = Release|Any CPU
		{44EAFD91-D991-466D-A4B8-74ACAC27366C}.Release|x86.ActiveCfg = Release|Any CPU
		{44EAFD91-D991-466D-A4B8-74ACAC27366C}.Release|x86.Build.0 = Release|Any CPU
		{31DB8413-EBD0-4077-929B-E01A72B77F55}.Debug|Any CPU.ActiveCfg = Debug|Any CPU
		{31DB8413-EBD0-4077-929B-E01A72B77F55}.Debug|Any CPU.Build.0 = Debug|Any CPU
		{31DB8413-EBD0-4077-929B-E01A72B77F55}.Debug|x64.ActiveCfg = Debug|Any CPU
		{31DB8413-EBD0-4077-929B-E01A72B77F55}.Debug|x64.Build.0 = Debug|Any CPU
		{31DB8413-EBD0-4077-929B-E01A72B77F55}.Debug|x86.ActiveCfg = Debug|Any CPU
		{31DB8413-EBD0-4077-929B-E01A72B77F55}.Debug|x86.Build.0 = Debug|Any CPU
		{31DB8413-EBD0-4077-929B-E01A72B77F55}.Release|Any CPU.ActiveCfg = Release|Any CPU
		{31DB8413-EBD0-4077-929B-E01A72B77F55}.Release|Any CPU.Build.0 = Release|Any CPU
		{31DB8413-EBD0-4077-929B-E01A72B77F55}.Release|x64.ActiveCfg = Release|Any CPU
		{31DB8413-EBD0-4077-929B-E01A72B77F55}.Release|x64.Build.0 = Release|Any CPU
		{31DB8413-EBD0-4077-929B-E01A72B77F55}.Release|x86.ActiveCfg = Release|Any CPU
		{31DB8413-EBD0-4077-929B-E01A72B77F55}.Release|x86.Build.0 = Release|Any CPU
		{54241A39-7077-406A-A6C7-071BB2A45AE2}.Debug|Any CPU.ActiveCfg = Debug|Any CPU
		{54241A39-7077-406A-A6C7-071BB2A45AE2}.Debug|Any CPU.Build.0 = Debug|Any CPU
		{54241A39-7077-406A-A6C7-071BB2A45AE2}.Debug|x64.ActiveCfg = Debug|Any CPU
		{54241A39-7077-406A-A6C7-071BB2A45AE2}.Debug|x64.Build.0 = Debug|Any CPU
		{54241A39-7077-406A-A6C7-071BB2A45AE2}.Debug|x86.ActiveCfg = Debug|Any CPU
		{54241A39-7077-406A-A6C7-071BB2A45AE2}.Debug|x86.Build.0 = Debug|Any CPU
		{54241A39-7077-406A-A6C7-071BB2A45AE2}.Release|Any CPU.ActiveCfg = Release|Any CPU
		{54241A39-7077-406A-A6C7-071BB2A45AE2}.Release|Any CPU.Build.0 = Release|Any CPU
		{54241A39-7077-406A-A6C7-071BB2A45AE2}.Release|x64.ActiveCfg = Release|Any CPU
		{54241A39-7077-406A-A6C7-071BB2A45AE2}.Release|x64.Build.0 = Release|Any CPU
		{54241A39-7077-406A-A6C7-071BB2A45AE2}.Release|x86.ActiveCfg = Release|Any CPU
		{54241A39-7077-406A-A6C7-071BB2A45AE2}.Release|x86.Build.0 = Release|Any CPU
		{025E2CF3-0995-4A9D-BA35-7319821DC957}.Debug|Any CPU.ActiveCfg = Debug|Any CPU
		{025E2CF3-0995-4A9D-BA35-7319821DC957}.Debug|Any CPU.Build.0 = Debug|Any CPU
		{025E2CF3-0995-4A9D-BA35-7319821DC957}.Debug|x64.ActiveCfg = Debug|Any CPU
		{025E2CF3-0995-4A9D-BA35-7319821DC957}.Debug|x64.Build.0 = Debug|Any CPU
		{025E2CF3-0995-4A9D-BA35-7319821DC957}.Debug|x86.ActiveCfg = Debug|Any CPU
		{025E2CF3-0995-4A9D-BA35-7319821DC957}.Debug|x86.Build.0 = Debug|Any CPU
		{025E2CF3-0995-4A9D-BA35-7319821DC957}.Release|Any CPU.ActiveCfg = Release|Any CPU
		{025E2CF3-0995-4A9D-BA35-7319821DC957}.Release|Any CPU.Build.0 = Release|Any CPU
		{025E2CF3-0995-4A9D-BA35-7319821DC957}.Release|x64.ActiveCfg = Release|Any CPU
		{025E2CF3-0995-4A9D-BA35-7319821DC957}.Release|x64.Build.0 = Release|Any CPU
		{025E2CF3-0995-4A9D-BA35-7319821DC957}.Release|x86.ActiveCfg = Release|Any CPU
		{025E2CF3-0995-4A9D-BA35-7319821DC957}.Release|x86.Build.0 = Release|Any CPU
		{7436CC88-EE74-477B-AEDC-D600570FD61D}.Debug|Any CPU.ActiveCfg = Debug|Any CPU
		{7436CC88-EE74-477B-AEDC-D600570FD61D}.Debug|Any CPU.Build.0 = Debug|Any CPU
		{7436CC88-EE74-477B-AEDC-D600570FD61D}.Debug|x64.ActiveCfg = Debug|Any CPU
		{7436CC88-EE74-477B-AEDC-D600570FD61D}.Debug|x64.Build.0 = Debug|Any CPU
		{7436CC88-EE74-477B-AEDC-D600570FD61D}.Debug|x86.ActiveCfg = Debug|Any CPU
		{7436CC88-EE74-477B-AEDC-D600570FD61D}.Debug|x86.Build.0 = Debug|Any CPU
		{7436CC88-EE74-477B-AEDC-D600570FD61D}.Release|Any CPU.ActiveCfg = Release|Any CPU
		{7436CC88-EE74-477B-AEDC-D600570FD61D}.Release|Any CPU.Build.0 = Release|Any CPU
		{7436CC88-EE74-477B-AEDC-D600570FD61D}.Release|x64.ActiveCfg = Release|Any CPU
		{7436CC88-EE74-477B-AEDC-D600570FD61D}.Release|x64.Build.0 = Release|Any CPU
		{7436CC88-EE74-477B-AEDC-D600570FD61D}.Release|x86.ActiveCfg = Release|Any CPU
		{7436CC88-EE74-477B-AEDC-D600570FD61D}.Release|x86.Build.0 = Release|Any CPU
		{E5122AC2-183B-4F91-9170-668BED75FA91}.Debug|Any CPU.ActiveCfg = Debug|Any CPU
		{E5122AC2-183B-4F91-9170-668BED75FA91}.Debug|Any CPU.Build.0 = Debug|Any CPU
		{E5122AC2-183B-4F91-9170-668BED75FA91}.Debug|x64.ActiveCfg = Debug|Any CPU
		{E5122AC2-183B-4F91-9170-668BED75FA91}.Debug|x64.Build.0 = Debug|Any CPU
		{E5122AC2-183B-4F91-9170-668BED75FA91}.Debug|x86.ActiveCfg = Debug|Any CPU
		{E5122AC2-183B-4F91-9170-668BED75FA91}.Debug|x86.Build.0 = Debug|Any CPU
		{E5122AC2-183B-4F91-9170-668BED75FA91}.Release|Any CPU.ActiveCfg = Release|Any CPU
		{E5122AC2-183B-4F91-9170-668BED75FA91}.Release|Any CPU.Build.0 = Release|Any CPU
		{E5122AC2-183B-4F91-9170-668BED75FA91}.Release|x64.ActiveCfg = Release|Any CPU
		{E5122AC2-183B-4F91-9170-668BED75FA91}.Release|x64.Build.0 = Release|Any CPU
		{E5122AC2-183B-4F91-9170-668BED75FA91}.Release|x86.ActiveCfg = Release|Any CPU
		{E5122AC2-183B-4F91-9170-668BED75FA91}.Release|x86.Build.0 = Release|Any CPU
		{3085F27B-CCF7-4D8B-8C42-6C80DE899701}.Debug|Any CPU.ActiveCfg = Debug|Any CPU
		{3085F27B-CCF7-4D8B-8C42-6C80DE899701}.Debug|Any CPU.Build.0 = Debug|Any CPU
		{3085F27B-CCF7-4D8B-8C42-6C80DE899701}.Debug|x64.ActiveCfg = Debug|Any CPU
		{3085F27B-CCF7-4D8B-8C42-6C80DE899701}.Debug|x64.Build.0 = Debug|Any CPU
		{3085F27B-CCF7-4D8B-8C42-6C80DE899701}.Debug|x86.ActiveCfg = Debug|Any CPU
		{3085F27B-CCF7-4D8B-8C42-6C80DE899701}.Debug|x86.Build.0 = Debug|Any CPU
		{3085F27B-CCF7-4D8B-8C42-6C80DE899701}.Release|Any CPU.ActiveCfg = Release|Any CPU
		{3085F27B-CCF7-4D8B-8C42-6C80DE899701}.Release|Any CPU.Build.0 = Release|Any CPU
		{3085F27B-CCF7-4D8B-8C42-6C80DE899701}.Release|x64.ActiveCfg = Release|Any CPU
		{3085F27B-CCF7-4D8B-8C42-6C80DE899701}.Release|x64.Build.0 = Release|Any CPU
		{3085F27B-CCF7-4D8B-8C42-6C80DE899701}.Release|x86.ActiveCfg = Release|Any CPU
		{3085F27B-CCF7-4D8B-8C42-6C80DE899701}.Release|x86.Build.0 = Release|Any CPU
		{8AD824D3-5929-40FE-AE9F-0C49423F1736}.Debug|Any CPU.ActiveCfg = Debug|Any CPU
		{8AD824D3-5929-40FE-AE9F-0C49423F1736}.Debug|Any CPU.Build.0 = Debug|Any CPU
		{8AD824D3-5929-40FE-AE9F-0C49423F1736}.Debug|x64.ActiveCfg = Debug|Any CPU
		{8AD824D3-5929-40FE-AE9F-0C49423F1736}.Debug|x64.Build.0 = Debug|Any CPU
		{8AD824D3-5929-40FE-AE9F-0C49423F1736}.Debug|x86.ActiveCfg = Debug|Any CPU
		{8AD824D3-5929-40FE-AE9F-0C49423F1736}.Debug|x86.Build.0 = Debug|Any CPU
		{8AD824D3-5929-40FE-AE9F-0C49423F1736}.Release|Any CPU.ActiveCfg = Release|Any CPU
		{8AD824D3-5929-40FE-AE9F-0C49423F1736}.Release|Any CPU.Build.0 = Release|Any CPU
		{8AD824D3-5929-40FE-AE9F-0C49423F1736}.Release|x64.ActiveCfg = Release|Any CPU
		{8AD824D3-5929-40FE-AE9F-0C49423F1736}.Release|x64.Build.0 = Release|Any CPU
		{8AD824D3-5929-40FE-AE9F-0C49423F1736}.Release|x86.ActiveCfg = Release|Any CPU
		{8AD824D3-5929-40FE-AE9F-0C49423F1736}.Release|x86.Build.0 = Release|Any CPU
		{80E1466D-E3FC-4FD3-94D8-393381D335D8}.Debug|Any CPU.ActiveCfg = Debug|Any CPU
		{80E1466D-E3FC-4FD3-94D8-393381D335D8}.Debug|Any CPU.Build.0 = Debug|Any CPU
		{80E1466D-E3FC-4FD3-94D8-393381D335D8}.Debug|x64.ActiveCfg = Debug|Any CPU
		{80E1466D-E3FC-4FD3-94D8-393381D335D8}.Debug|x64.Build.0 = Debug|Any CPU
		{80E1466D-E3FC-4FD3-94D8-393381D335D8}.Debug|x86.ActiveCfg = Debug|Any CPU
		{80E1466D-E3FC-4FD3-94D8-393381D335D8}.Debug|x86.Build.0 = Debug|Any CPU
		{80E1466D-E3FC-4FD3-94D8-393381D335D8}.Release|Any CPU.ActiveCfg = Release|Any CPU
		{80E1466D-E3FC-4FD3-94D8-393381D335D8}.Release|Any CPU.Build.0 = Release|Any CPU
		{80E1466D-E3FC-4FD3-94D8-393381D335D8}.Release|x64.ActiveCfg = Release|Any CPU
		{80E1466D-E3FC-4FD3-94D8-393381D335D8}.Release|x64.Build.0 = Release|Any CPU
		{80E1466D-E3FC-4FD3-94D8-393381D335D8}.Release|x86.ActiveCfg = Release|Any CPU
		{80E1466D-E3FC-4FD3-94D8-393381D335D8}.Release|x86.Build.0 = Release|Any CPU
		{7FF5B722-7290-4BD2-984A-C7E6016888E8}.Debug|Any CPU.ActiveCfg = Debug|Any CPU
		{7FF5B722-7290-4BD2-984A-C7E6016888E8}.Debug|Any CPU.Build.0 = Debug|Any CPU
		{7FF5B722-7290-4BD2-984A-C7E6016888E8}.Debug|x64.ActiveCfg = Debug|Any CPU
		{7FF5B722-7290-4BD2-984A-C7E6016888E8}.Debug|x64.Build.0 = Debug|Any CPU
		{7FF5B722-7290-4BD2-984A-C7E6016888E8}.Debug|x86.ActiveCfg = Debug|Any CPU
		{7FF5B722-7290-4BD2-984A-C7E6016888E8}.Debug|x86.Build.0 = Debug|Any CPU
		{7FF5B722-7290-4BD2-984A-C7E6016888E8}.Release|Any CPU.ActiveCfg = Release|Any CPU
		{7FF5B722-7290-4BD2-984A-C7E6016888E8}.Release|Any CPU.Build.0 = Release|Any CPU
		{7FF5B722-7290-4BD2-984A-C7E6016888E8}.Release|x64.ActiveCfg = Release|Any CPU
		{7FF5B722-7290-4BD2-984A-C7E6016888E8}.Release|x64.Build.0 = Release|Any CPU
		{7FF5B722-7290-4BD2-984A-C7E6016888E8}.Release|x86.ActiveCfg = Release|Any CPU
		{7FF5B722-7290-4BD2-984A-C7E6016888E8}.Release|x86.Build.0 = Release|Any CPU
		{33DD3459-7BA5-402B-9D27-544020187D55}.Debug|Any CPU.ActiveCfg = Debug|Any CPU
		{33DD3459-7BA5-402B-9D27-544020187D55}.Debug|Any CPU.Build.0 = Debug|Any CPU
		{33DD3459-7BA5-402B-9D27-544020187D55}.Debug|x64.ActiveCfg = Debug|Any CPU
		{33DD3459-7BA5-402B-9D27-544020187D55}.Debug|x64.Build.0 = Debug|Any CPU
		{33DD3459-7BA5-402B-9D27-544020187D55}.Debug|x86.ActiveCfg = Debug|Any CPU
		{33DD3459-7BA5-402B-9D27-544020187D55}.Debug|x86.Build.0 = Debug|Any CPU
		{33DD3459-7BA5-402B-9D27-544020187D55}.Release|Any CPU.ActiveCfg = Release|Any CPU
		{33DD3459-7BA5-402B-9D27-544020187D55}.Release|Any CPU.Build.0 = Release|Any CPU
		{33DD3459-7BA5-402B-9D27-544020187D55}.Release|x64.ActiveCfg = Release|Any CPU
		{33DD3459-7BA5-402B-9D27-544020187D55}.Release|x64.Build.0 = Release|Any CPU
		{33DD3459-7BA5-402B-9D27-544020187D55}.Release|x86.ActiveCfg = Release|Any CPU
		{33DD3459-7BA5-402B-9D27-544020187D55}.Release|x86.Build.0 = Release|Any CPU
		{CD44F9B9-3B5C-438B-960C-1A9660492D79}.Debug|Any CPU.ActiveCfg = Debug|Any CPU
		{CD44F9B9-3B5C-438B-960C-1A9660492D79}.Debug|Any CPU.Build.0 = Debug|Any CPU
		{CD44F9B9-3B5C-438B-960C-1A9660492D79}.Debug|x64.ActiveCfg = Debug|Any CPU
		{CD44F9B9-3B5C-438B-960C-1A9660492D79}.Debug|x64.Build.0 = Debug|Any CPU
		{CD44F9B9-3B5C-438B-960C-1A9660492D79}.Debug|x86.ActiveCfg = Debug|Any CPU
		{CD44F9B9-3B5C-438B-960C-1A9660492D79}.Debug|x86.Build.0 = Debug|Any CPU
		{CD44F9B9-3B5C-438B-960C-1A9660492D79}.Release|Any CPU.ActiveCfg = Release|Any CPU
		{CD44F9B9-3B5C-438B-960C-1A9660492D79}.Release|Any CPU.Build.0 = Release|Any CPU
		{CD44F9B9-3B5C-438B-960C-1A9660492D79}.Release|x64.ActiveCfg = Release|Any CPU
		{CD44F9B9-3B5C-438B-960C-1A9660492D79}.Release|x64.Build.0 = Release|Any CPU
		{CD44F9B9-3B5C-438B-960C-1A9660492D79}.Release|x86.ActiveCfg = Release|Any CPU
		{CD44F9B9-3B5C-438B-960C-1A9660492D79}.Release|x86.Build.0 = Release|Any CPU
		{5F7D06EC-48CB-4442-B919-68FF265A8E32}.Debug|Any CPU.ActiveCfg = Debug|Any CPU
		{5F7D06EC-48CB-4442-B919-68FF265A8E32}.Debug|Any CPU.Build.0 = Debug|Any CPU
		{5F7D06EC-48CB-4442-B919-68FF265A8E32}.Debug|x64.ActiveCfg = Debug|Any CPU
		{5F7D06EC-48CB-4442-B919-68FF265A8E32}.Debug|x64.Build.0 = Debug|Any CPU
		{5F7D06EC-48CB-4442-B919-68FF265A8E32}.Debug|x86.ActiveCfg = Debug|Any CPU
		{5F7D06EC-48CB-4442-B919-68FF265A8E32}.Debug|x86.Build.0 = Debug|Any CPU
		{5F7D06EC-48CB-4442-B919-68FF265A8E32}.Release|Any CPU.ActiveCfg = Release|Any CPU
		{5F7D06EC-48CB-4442-B919-68FF265A8E32}.Release|Any CPU.Build.0 = Release|Any CPU
		{5F7D06EC-48CB-4442-B919-68FF265A8E32}.Release|x64.ActiveCfg = Release|Any CPU
		{5F7D06EC-48CB-4442-B919-68FF265A8E32}.Release|x64.Build.0 = Release|Any CPU
		{5F7D06EC-48CB-4442-B919-68FF265A8E32}.Release|x86.ActiveCfg = Release|Any CPU
		{5F7D06EC-48CB-4442-B919-68FF265A8E32}.Release|x86.Build.0 = Release|Any CPU
		{04BB2C46-C32F-4662-9C62-21662EF6D297}.Debug|Any CPU.ActiveCfg = Debug|Any CPU
		{04BB2C46-C32F-4662-9C62-21662EF6D297}.Debug|Any CPU.Build.0 = Debug|Any CPU
		{04BB2C46-C32F-4662-9C62-21662EF6D297}.Debug|x64.ActiveCfg = Debug|Any CPU
		{04BB2C46-C32F-4662-9C62-21662EF6D297}.Debug|x64.Build.0 = Debug|Any CPU
		{04BB2C46-C32F-4662-9C62-21662EF6D297}.Debug|x86.ActiveCfg = Debug|Any CPU
		{04BB2C46-C32F-4662-9C62-21662EF6D297}.Debug|x86.Build.0 = Debug|Any CPU
		{04BB2C46-C32F-4662-9C62-21662EF6D297}.Release|Any CPU.ActiveCfg = Release|Any CPU
		{04BB2C46-C32F-4662-9C62-21662EF6D297}.Release|Any CPU.Build.0 = Release|Any CPU
		{04BB2C46-C32F-4662-9C62-21662EF6D297}.Release|x64.ActiveCfg = Release|Any CPU
		{04BB2C46-C32F-4662-9C62-21662EF6D297}.Release|x64.Build.0 = Release|Any CPU
		{04BB2C46-C32F-4662-9C62-21662EF6D297}.Release|x86.ActiveCfg = Release|Any CPU
		{04BB2C46-C32F-4662-9C62-21662EF6D297}.Release|x86.Build.0 = Release|Any CPU
		{52C99BE4-9608-4466-97BB-67EACCF18E5E}.Debug|Any CPU.ActiveCfg = Debug|Any CPU
		{52C99BE4-9608-4466-97BB-67EACCF18E5E}.Debug|Any CPU.Build.0 = Debug|Any CPU
		{52C99BE4-9608-4466-97BB-67EACCF18E5E}.Debug|x64.ActiveCfg = Debug|Any CPU
		{52C99BE4-9608-4466-97BB-67EACCF18E5E}.Debug|x64.Build.0 = Debug|Any CPU
		{52C99BE4-9608-4466-97BB-67EACCF18E5E}.Debug|x86.ActiveCfg = Debug|Any CPU
		{52C99BE4-9608-4466-97BB-67EACCF18E5E}.Debug|x86.Build.0 = Debug|Any CPU
		{52C99BE4-9608-4466-97BB-67EACCF18E5E}.Release|Any CPU.ActiveCfg = Release|Any CPU
		{52C99BE4-9608-4466-97BB-67EACCF18E5E}.Release|Any CPU.Build.0 = Release|Any CPU
		{52C99BE4-9608-4466-97BB-67EACCF18E5E}.Release|x64.ActiveCfg = Release|Any CPU
		{52C99BE4-9608-4466-97BB-67EACCF18E5E}.Release|x64.Build.0 = Release|Any CPU
		{52C99BE4-9608-4466-97BB-67EACCF18E5E}.Release|x86.ActiveCfg = Release|Any CPU
		{52C99BE4-9608-4466-97BB-67EACCF18E5E}.Release|x86.Build.0 = Release|Any CPU
		{9441F592-0C45-4C12-A404-5E0715F020F1}.Debug|Any CPU.ActiveCfg = Debug|Any CPU
		{9441F592-0C45-4C12-A404-5E0715F020F1}.Debug|Any CPU.Build.0 = Debug|Any CPU
		{9441F592-0C45-4C12-A404-5E0715F020F1}.Debug|x64.ActiveCfg = Debug|Any CPU
		{9441F592-0C45-4C12-A404-5E0715F020F1}.Debug|x64.Build.0 = Debug|Any CPU
		{9441F592-0C45-4C12-A404-5E0715F020F1}.Debug|x86.ActiveCfg = Debug|Any CPU
		{9441F592-0C45-4C12-A404-5E0715F020F1}.Debug|x86.Build.0 = Debug|Any CPU
		{9441F592-0C45-4C12-A404-5E0715F020F1}.Release|Any CPU.ActiveCfg = Release|Any CPU
		{9441F592-0C45-4C12-A404-5E0715F020F1}.Release|Any CPU.Build.0 = Release|Any CPU
		{9441F592-0C45-4C12-A404-5E0715F020F1}.Release|x64.ActiveCfg = Release|Any CPU
		{9441F592-0C45-4C12-A404-5E0715F020F1}.Release|x64.Build.0 = Release|Any CPU
		{9441F592-0C45-4C12-A404-5E0715F020F1}.Release|x86.ActiveCfg = Release|Any CPU
		{9441F592-0C45-4C12-A404-5E0715F020F1}.Release|x86.Build.0 = Release|Any CPU
		{03C0AE64-46E4-4F67-B76E-CC9E76AAE816}.Debug|Any CPU.ActiveCfg = Debug|Any CPU
		{03C0AE64-46E4-4F67-B76E-CC9E76AAE816}.Debug|Any CPU.Build.0 = Debug|Any CPU
		{03C0AE64-46E4-4F67-B76E-CC9E76AAE816}.Debug|x64.ActiveCfg = Debug|Any CPU
		{03C0AE64-46E4-4F67-B76E-CC9E76AAE816}.Debug|x64.Build.0 = Debug|Any CPU
		{03C0AE64-46E4-4F67-B76E-CC9E76AAE816}.Debug|x86.ActiveCfg = Debug|Any CPU
		{03C0AE64-46E4-4F67-B76E-CC9E76AAE816}.Debug|x86.Build.0 = Debug|Any CPU
		{03C0AE64-46E4-4F67-B76E-CC9E76AAE816}.Release|Any CPU.ActiveCfg = Release|Any CPU
		{03C0AE64-46E4-4F67-B76E-CC9E76AAE816}.Release|Any CPU.Build.0 = Release|Any CPU
		{03C0AE64-46E4-4F67-B76E-CC9E76AAE816}.Release|x64.ActiveCfg = Release|Any CPU
		{03C0AE64-46E4-4F67-B76E-CC9E76AAE816}.Release|x64.Build.0 = Release|Any CPU
		{03C0AE64-46E4-4F67-B76E-CC9E76AAE816}.Release|x86.ActiveCfg = Release|Any CPU
		{03C0AE64-46E4-4F67-B76E-CC9E76AAE816}.Release|x86.Build.0 = Release|Any CPU
		{FA5437AC-EEC7-48D4-B156-6F4A3047358E}.Debug|Any CPU.ActiveCfg = Debug|Any CPU
		{FA5437AC-EEC7-48D4-B156-6F4A3047358E}.Debug|Any CPU.Build.0 = Debug|Any CPU
		{FA5437AC-EEC7-48D4-B156-6F4A3047358E}.Debug|x64.ActiveCfg = Debug|Any CPU
		{FA5437AC-EEC7-48D4-B156-6F4A3047358E}.Debug|x64.Build.0 = Debug|Any CPU
		{FA5437AC-EEC7-48D4-B156-6F4A3047358E}.Debug|x86.ActiveCfg = Debug|Any CPU
		{FA5437AC-EEC7-48D4-B156-6F4A3047358E}.Debug|x86.Build.0 = Debug|Any CPU
		{FA5437AC-EEC7-48D4-B156-6F4A3047358E}.Release|Any CPU.ActiveCfg = Release|Any CPU
		{FA5437AC-EEC7-48D4-B156-6F4A3047358E}.Release|Any CPU.Build.0 = Release|Any CPU
		{FA5437AC-EEC7-48D4-B156-6F4A3047358E}.Release|x64.ActiveCfg = Release|Any CPU
		{FA5437AC-EEC7-48D4-B156-6F4A3047358E}.Release|x64.Build.0 = Release|Any CPU
		{FA5437AC-EEC7-48D4-B156-6F4A3047358E}.Release|x86.ActiveCfg = Release|Any CPU
		{FA5437AC-EEC7-48D4-B156-6F4A3047358E}.Release|x86.Build.0 = Release|Any CPU
		{0E4BE433-48F8-47F2-A1C7-D07364BF759C}.Debug|Any CPU.ActiveCfg = Debug|Any CPU
		{0E4BE433-48F8-47F2-A1C7-D07364BF759C}.Debug|Any CPU.Build.0 = Debug|Any CPU
		{0E4BE433-48F8-47F2-A1C7-D07364BF759C}.Debug|x64.ActiveCfg = Debug|Any CPU
		{0E4BE433-48F8-47F2-A1C7-D07364BF759C}.Debug|x64.Build.0 = Debug|Any CPU
		{0E4BE433-48F8-47F2-A1C7-D07364BF759C}.Debug|x86.ActiveCfg = Debug|Any CPU
		{0E4BE433-48F8-47F2-A1C7-D07364BF759C}.Debug|x86.Build.0 = Debug|Any CPU
		{0E4BE433-48F8-47F2-A1C7-D07364BF759C}.Release|Any CPU.ActiveCfg = Release|Any CPU
		{0E4BE433-48F8-47F2-A1C7-D07364BF759C}.Release|Any CPU.Build.0 = Release|Any CPU
		{0E4BE433-48F8-47F2-A1C7-D07364BF759C}.Release|x64.ActiveCfg = Release|Any CPU
		{0E4BE433-48F8-47F2-A1C7-D07364BF759C}.Release|x64.Build.0 = Release|Any CPU
		{0E4BE433-48F8-47F2-A1C7-D07364BF759C}.Release|x86.ActiveCfg = Release|Any CPU
		{0E4BE433-48F8-47F2-A1C7-D07364BF759C}.Release|x86.Build.0 = Release|Any CPU
		{2905477E-8832-49EF-84A8-A1E5B4D5E69D}.Debug|Any CPU.ActiveCfg = Debug|Any CPU
		{2905477E-8832-49EF-84A8-A1E5B4D5E69D}.Debug|Any CPU.Build.0 = Debug|Any CPU
		{2905477E-8832-49EF-84A8-A1E5B4D5E69D}.Debug|x64.ActiveCfg = Debug|Any CPU
		{2905477E-8832-49EF-84A8-A1E5B4D5E69D}.Debug|x64.Build.0 = Debug|Any CPU
		{2905477E-8832-49EF-84A8-A1E5B4D5E69D}.Debug|x86.ActiveCfg = Debug|Any CPU
		{2905477E-8832-49EF-84A8-A1E5B4D5E69D}.Debug|x86.Build.0 = Debug|Any CPU
		{2905477E-8832-49EF-84A8-A1E5B4D5E69D}.Release|Any CPU.ActiveCfg = Release|Any CPU
		{2905477E-8832-49EF-84A8-A1E5B4D5E69D}.Release|Any CPU.Build.0 = Release|Any CPU
		{2905477E-8832-49EF-84A8-A1E5B4D5E69D}.Release|x64.ActiveCfg = Release|Any CPU
		{2905477E-8832-49EF-84A8-A1E5B4D5E69D}.Release|x64.Build.0 = Release|Any CPU
		{2905477E-8832-49EF-84A8-A1E5B4D5E69D}.Release|x86.ActiveCfg = Release|Any CPU
		{2905477E-8832-49EF-84A8-A1E5B4D5E69D}.Release|x86.Build.0 = Release|Any CPU
		{EF44D8E6-0B12-465E-8641-0ADEF0B8549D}.Debug|Any CPU.ActiveCfg = Debug|Any CPU
		{EF44D8E6-0B12-465E-8641-0ADEF0B8549D}.Debug|Any CPU.Build.0 = Debug|Any CPU
		{EF44D8E6-0B12-465E-8641-0ADEF0B8549D}.Debug|x64.ActiveCfg = Debug|Any CPU
		{EF44D8E6-0B12-465E-8641-0ADEF0B8549D}.Debug|x64.Build.0 = Debug|Any CPU
		{EF44D8E6-0B12-465E-8641-0ADEF0B8549D}.Debug|x86.ActiveCfg = Debug|Any CPU
		{EF44D8E6-0B12-465E-8641-0ADEF0B8549D}.Debug|x86.Build.0 = Debug|Any CPU
		{EF44D8E6-0B12-465E-8641-0ADEF0B8549D}.Release|Any CPU.ActiveCfg = Release|Any CPU
		{EF44D8E6-0B12-465E-8641-0ADEF0B8549D}.Release|Any CPU.Build.0 = Release|Any CPU
		{EF44D8E6-0B12-465E-8641-0ADEF0B8549D}.Release|x64.ActiveCfg = Release|Any CPU
		{EF44D8E6-0B12-465E-8641-0ADEF0B8549D}.Release|x64.Build.0 = Release|Any CPU
		{EF44D8E6-0B12-465E-8641-0ADEF0B8549D}.Release|x86.ActiveCfg = Release|Any CPU
		{EF44D8E6-0B12-465E-8641-0ADEF0B8549D}.Release|x86.Build.0 = Release|Any CPU
		{8191ECBB-E651-40F3-925E-7358D4F0526E}.Debug|Any CPU.ActiveCfg = Debug|Any CPU
		{8191ECBB-E651-40F3-925E-7358D4F0526E}.Debug|Any CPU.Build.0 = Debug|Any CPU
		{8191ECBB-E651-40F3-925E-7358D4F0526E}.Debug|x64.ActiveCfg = Debug|Any CPU
		{8191ECBB-E651-40F3-925E-7358D4F0526E}.Debug|x64.Build.0 = Debug|Any CPU
		{8191ECBB-E651-40F3-925E-7358D4F0526E}.Debug|x86.ActiveCfg = Debug|Any CPU
		{8191ECBB-E651-40F3-925E-7358D4F0526E}.Debug|x86.Build.0 = Debug|Any CPU
		{8191ECBB-E651-40F3-925E-7358D4F0526E}.Release|Any CPU.ActiveCfg = Release|Any CPU
		{8191ECBB-E651-40F3-925E-7358D4F0526E}.Release|Any CPU.Build.0 = Release|Any CPU
		{8191ECBB-E651-40F3-925E-7358D4F0526E}.Release|x64.ActiveCfg = Release|Any CPU
		{8191ECBB-E651-40F3-925E-7358D4F0526E}.Release|x64.Build.0 = Release|Any CPU
		{8191ECBB-E651-40F3-925E-7358D4F0526E}.Release|x86.ActiveCfg = Release|Any CPU
		{8191ECBB-E651-40F3-925E-7358D4F0526E}.Release|x86.Build.0 = Release|Any CPU
		{F32C5FEA-767F-42E9-8F66-7ECC4AF7A47F}.Debug|Any CPU.ActiveCfg = Debug|Any CPU
		{F32C5FEA-767F-42E9-8F66-7ECC4AF7A47F}.Debug|Any CPU.Build.0 = Debug|Any CPU
		{F32C5FEA-767F-42E9-8F66-7ECC4AF7A47F}.Debug|x64.ActiveCfg = Debug|Any CPU
		{F32C5FEA-767F-42E9-8F66-7ECC4AF7A47F}.Debug|x64.Build.0 = Debug|Any CPU
		{F32C5FEA-767F-42E9-8F66-7ECC4AF7A47F}.Debug|x86.ActiveCfg = Debug|Any CPU
		{F32C5FEA-767F-42E9-8F66-7ECC4AF7A47F}.Debug|x86.Build.0 = Debug|Any CPU
		{F32C5FEA-767F-42E9-8F66-7ECC4AF7A47F}.Release|Any CPU.ActiveCfg = Release|Any CPU
		{F32C5FEA-767F-42E9-8F66-7ECC4AF7A47F}.Release|Any CPU.Build.0 = Release|Any CPU
		{F32C5FEA-767F-42E9-8F66-7ECC4AF7A47F}.Release|x64.ActiveCfg = Release|Any CPU
		{F32C5FEA-767F-42E9-8F66-7ECC4AF7A47F}.Release|x64.Build.0 = Release|Any CPU
		{F32C5FEA-767F-42E9-8F66-7ECC4AF7A47F}.Release|x86.ActiveCfg = Release|Any CPU
		{F32C5FEA-767F-42E9-8F66-7ECC4AF7A47F}.Release|x86.Build.0 = Release|Any CPU
		{8F80A4AE-733A-4DDA-B663-333E44352D12}.Debug|Any CPU.ActiveCfg = Debug|Any CPU
		{8F80A4AE-733A-4DDA-B663-333E44352D12}.Debug|Any CPU.Build.0 = Debug|Any CPU
		{8F80A4AE-733A-4DDA-B663-333E44352D12}.Debug|x64.ActiveCfg = Debug|Any CPU
		{8F80A4AE-733A-4DDA-B663-333E44352D12}.Debug|x64.Build.0 = Debug|Any CPU
		{8F80A4AE-733A-4DDA-B663-333E44352D12}.Debug|x86.ActiveCfg = Debug|Any CPU
		{8F80A4AE-733A-4DDA-B663-333E44352D12}.Debug|x86.Build.0 = Debug|Any CPU
		{8F80A4AE-733A-4DDA-B663-333E44352D12}.Release|Any CPU.ActiveCfg = Release|Any CPU
		{8F80A4AE-733A-4DDA-B663-333E44352D12}.Release|Any CPU.Build.0 = Release|Any CPU
		{8F80A4AE-733A-4DDA-B663-333E44352D12}.Release|x64.ActiveCfg = Release|Any CPU
		{8F80A4AE-733A-4DDA-B663-333E44352D12}.Release|x64.Build.0 = Release|Any CPU
		{8F80A4AE-733A-4DDA-B663-333E44352D12}.Release|x86.ActiveCfg = Release|Any CPU
		{8F80A4AE-733A-4DDA-B663-333E44352D12}.Release|x86.Build.0 = Release|Any CPU
		{69505BC6-0B2F-4163-91C9-464BDEC7BA78}.Debug|Any CPU.ActiveCfg = Debug|Any CPU
		{69505BC6-0B2F-4163-91C9-464BDEC7BA78}.Debug|Any CPU.Build.0 = Debug|Any CPU
		{69505BC6-0B2F-4163-91C9-464BDEC7BA78}.Debug|x64.ActiveCfg = Debug|Any CPU
		{69505BC6-0B2F-4163-91C9-464BDEC7BA78}.Debug|x64.Build.0 = Debug|Any CPU
		{69505BC6-0B2F-4163-91C9-464BDEC7BA78}.Debug|x86.ActiveCfg = Debug|Any CPU
		{69505BC6-0B2F-4163-91C9-464BDEC7BA78}.Debug|x86.Build.0 = Debug|Any CPU
		{69505BC6-0B2F-4163-91C9-464BDEC7BA78}.Release|Any CPU.ActiveCfg = Release|Any CPU
		{69505BC6-0B2F-4163-91C9-464BDEC7BA78}.Release|Any CPU.Build.0 = Release|Any CPU
		{69505BC6-0B2F-4163-91C9-464BDEC7BA78}.Release|x64.ActiveCfg = Release|Any CPU
		{69505BC6-0B2F-4163-91C9-464BDEC7BA78}.Release|x64.Build.0 = Release|Any CPU
		{69505BC6-0B2F-4163-91C9-464BDEC7BA78}.Release|x86.ActiveCfg = Release|Any CPU
		{69505BC6-0B2F-4163-91C9-464BDEC7BA78}.Release|x86.Build.0 = Release|Any CPU
		{3A48EA68-6AD2-4EFD-AB62-56294067AA25}.Debug|Any CPU.ActiveCfg = Debug|Any CPU
		{3A48EA68-6AD2-4EFD-AB62-56294067AA25}.Debug|Any CPU.Build.0 = Debug|Any CPU
		{3A48EA68-6AD2-4EFD-AB62-56294067AA25}.Debug|x64.ActiveCfg = Debug|Any CPU
		{3A48EA68-6AD2-4EFD-AB62-56294067AA25}.Debug|x64.Build.0 = Debug|Any CPU
		{3A48EA68-6AD2-4EFD-AB62-56294067AA25}.Debug|x86.ActiveCfg = Debug|Any CPU
		{3A48EA68-6AD2-4EFD-AB62-56294067AA25}.Debug|x86.Build.0 = Debug|Any CPU
		{3A48EA68-6AD2-4EFD-AB62-56294067AA25}.Release|Any CPU.ActiveCfg = Release|Any CPU
		{3A48EA68-6AD2-4EFD-AB62-56294067AA25}.Release|Any CPU.Build.0 = Release|Any CPU
		{3A48EA68-6AD2-4EFD-AB62-56294067AA25}.Release|x64.ActiveCfg = Release|Any CPU
		{3A48EA68-6AD2-4EFD-AB62-56294067AA25}.Release|x64.Build.0 = Release|Any CPU
		{3A48EA68-6AD2-4EFD-AB62-56294067AA25}.Release|x86.ActiveCfg = Release|Any CPU
		{3A48EA68-6AD2-4EFD-AB62-56294067AA25}.Release|x86.Build.0 = Release|Any CPU
		{FD26DABB-FAD6-444B-A635-77B460A10D7D}.Debug|Any CPU.ActiveCfg = Debug|Any CPU
		{FD26DABB-FAD6-444B-A635-77B460A10D7D}.Debug|Any CPU.Build.0 = Debug|Any CPU
		{FD26DABB-FAD6-444B-A635-77B460A10D7D}.Debug|x64.ActiveCfg = Debug|Any CPU
		{FD26DABB-FAD6-444B-A635-77B460A10D7D}.Debug|x64.Build.0 = Debug|Any CPU
		{FD26DABB-FAD6-444B-A635-77B460A10D7D}.Debug|x86.ActiveCfg = Debug|Any CPU
		{FD26DABB-FAD6-444B-A635-77B460A10D7D}.Debug|x86.Build.0 = Debug|Any CPU
		{FD26DABB-FAD6-444B-A635-77B460A10D7D}.Release|Any CPU.ActiveCfg = Release|Any CPU
		{FD26DABB-FAD6-444B-A635-77B460A10D7D}.Release|Any CPU.Build.0 = Release|Any CPU
		{FD26DABB-FAD6-444B-A635-77B460A10D7D}.Release|x64.ActiveCfg = Release|Any CPU
		{FD26DABB-FAD6-444B-A635-77B460A10D7D}.Release|x64.Build.0 = Release|Any CPU
		{FD26DABB-FAD6-444B-A635-77B460A10D7D}.Release|x86.ActiveCfg = Release|Any CPU
		{FD26DABB-FAD6-444B-A635-77B460A10D7D}.Release|x86.Build.0 = Release|Any CPU
		{573B28B9-7959-4AD2-85DE-F388BF08FAF9}.Debug|Any CPU.ActiveCfg = Debug|Any CPU
		{573B28B9-7959-4AD2-85DE-F388BF08FAF9}.Debug|Any CPU.Build.0 = Debug|Any CPU
		{573B28B9-7959-4AD2-85DE-F388BF08FAF9}.Debug|x64.ActiveCfg = Debug|Any CPU
		{573B28B9-7959-4AD2-85DE-F388BF08FAF9}.Debug|x64.Build.0 = Debug|Any CPU
		{573B28B9-7959-4AD2-85DE-F388BF08FAF9}.Debug|x86.ActiveCfg = Debug|Any CPU
		{573B28B9-7959-4AD2-85DE-F388BF08FAF9}.Debug|x86.Build.0 = Debug|Any CPU
		{573B28B9-7959-4AD2-85DE-F388BF08FAF9}.Release|Any CPU.ActiveCfg = Release|Any CPU
		{573B28B9-7959-4AD2-85DE-F388BF08FAF9}.Release|Any CPU.Build.0 = Release|Any CPU
		{573B28B9-7959-4AD2-85DE-F388BF08FAF9}.Release|x64.ActiveCfg = Release|Any CPU
		{573B28B9-7959-4AD2-85DE-F388BF08FAF9}.Release|x64.Build.0 = Release|Any CPU
		{573B28B9-7959-4AD2-85DE-F388BF08FAF9}.Release|x86.ActiveCfg = Release|Any CPU
		{573B28B9-7959-4AD2-85DE-F388BF08FAF9}.Release|x86.Build.0 = Release|Any CPU
		{36A15568-06A0-4982-A6AB-EF9C0237DEB8}.Debug|Any CPU.ActiveCfg = Debug|Any CPU
		{36A15568-06A0-4982-A6AB-EF9C0237DEB8}.Debug|Any CPU.Build.0 = Debug|Any CPU
		{36A15568-06A0-4982-A6AB-EF9C0237DEB8}.Debug|x64.ActiveCfg = Debug|Any CPU
		{36A15568-06A0-4982-A6AB-EF9C0237DEB8}.Debug|x64.Build.0 = Debug|Any CPU
		{36A15568-06A0-4982-A6AB-EF9C0237DEB8}.Debug|x86.ActiveCfg = Debug|Any CPU
		{36A15568-06A0-4982-A6AB-EF9C0237DEB8}.Debug|x86.Build.0 = Debug|Any CPU
		{36A15568-06A0-4982-A6AB-EF9C0237DEB8}.Release|Any CPU.ActiveCfg = Release|Any CPU
		{36A15568-06A0-4982-A6AB-EF9C0237DEB8}.Release|Any CPU.Build.0 = Release|Any CPU
		{36A15568-06A0-4982-A6AB-EF9C0237DEB8}.Release|x64.ActiveCfg = Release|Any CPU
		{36A15568-06A0-4982-A6AB-EF9C0237DEB8}.Release|x64.Build.0 = Release|Any CPU
		{36A15568-06A0-4982-A6AB-EF9C0237DEB8}.Release|x86.ActiveCfg = Release|Any CPU
		{36A15568-06A0-4982-A6AB-EF9C0237DEB8}.Release|x86.Build.0 = Release|Any CPU
		{0842AD31-615D-4E52-B8DD-D961DAB0558A}.Debug|Any CPU.ActiveCfg = Debug|Any CPU
		{0842AD31-615D-4E52-B8DD-D961DAB0558A}.Debug|Any CPU.Build.0 = Debug|Any CPU
		{0842AD31-615D-4E52-B8DD-D961DAB0558A}.Debug|x64.ActiveCfg = Debug|Any CPU
		{0842AD31-615D-4E52-B8DD-D961DAB0558A}.Debug|x64.Build.0 = Debug|Any CPU
		{0842AD31-615D-4E52-B8DD-D961DAB0558A}.Debug|x86.ActiveCfg = Debug|Any CPU
		{0842AD31-615D-4E52-B8DD-D961DAB0558A}.Debug|x86.Build.0 = Debug|Any CPU
		{0842AD31-615D-4E52-B8DD-D961DAB0558A}.Release|Any CPU.ActiveCfg = Release|Any CPU
		{0842AD31-615D-4E52-B8DD-D961DAB0558A}.Release|Any CPU.Build.0 = Release|Any CPU
		{0842AD31-615D-4E52-B8DD-D961DAB0558A}.Release|x64.ActiveCfg = Release|Any CPU
		{0842AD31-615D-4E52-B8DD-D961DAB0558A}.Release|x64.Build.0 = Release|Any CPU
		{0842AD31-615D-4E52-B8DD-D961DAB0558A}.Release|x86.ActiveCfg = Release|Any CPU
		{0842AD31-615D-4E52-B8DD-D961DAB0558A}.Release|x86.Build.0 = Release|Any CPU
	EndGlobalSection
	GlobalSection(NestedProjects) = preSolution
		{382FB5ED-19C3-4A97-9A93-98338AE9A508} = {E3E06115-E461-44C2-AE04-1F973E0067AF}
		{1CE0CC27-4F28-4687-B8F4-E1A5F7975BC4} = {382FB5ED-19C3-4A97-9A93-98338AE9A508}
		{E5122AC2-183B-4F91-9170-668BED75FA91} = {1CE0CC27-4F28-4687-B8F4-E1A5F7975BC4}
		{3085F27B-CCF7-4D8B-8C42-6C80DE899701} = {1CE0CC27-4F28-4687-B8F4-E1A5F7975BC4}
		{8AD824D3-5929-40FE-AE9F-0C49423F1736} = {1CE0CC27-4F28-4687-B8F4-E1A5F7975BC4}
		{80E1466D-E3FC-4FD3-94D8-393381D335D8} = {1CE0CC27-4F28-4687-B8F4-E1A5F7975BC4}
		{44EAFD91-D991-466D-A4B8-74ACAC27366C} = {E3E06115-E461-44C2-AE04-1F973E0067AF}
		{7436CC88-EE74-477B-AEDC-D600570FD61D} = {E3E06115-E461-44C2-AE04-1F973E0067AF}
		{31DB8413-EBD0-4077-929B-E01A72B77F55} = {E3E06115-E461-44C2-AE04-1F973E0067AF}
		{54241A39-7077-406A-A6C7-071BB2A45AE2} = {E3E06115-E461-44C2-AE04-1F973E0067AF}
		{025E2CF3-0995-4A9D-BA35-7319821DC957} = {E3E06115-E461-44C2-AE04-1F973E0067AF}
		{2AFC898B-25BA-411C-8D68-CE9F837B8845} = {382FB5ED-19C3-4A97-9A93-98338AE9A508}
		{7FF5B722-7290-4BD2-984A-C7E6016888E8} = {2AFC898B-25BA-411C-8D68-CE9F837B8845}
		{33DD3459-7BA5-402B-9D27-544020187D55} = {2AFC898B-25BA-411C-8D68-CE9F837B8845}
		{CD44F9B9-3B5C-438B-960C-1A9660492D79} = {2AFC898B-25BA-411C-8D68-CE9F837B8845}
		{5F7D06EC-48CB-4442-B919-68FF265A8E32} = {2AFC898B-25BA-411C-8D68-CE9F837B8845}
		{8384AC67-A8C9-46AC-A16C-6B46EF8E979E} = {382FB5ED-19C3-4A97-9A93-98338AE9A508}
		{04BB2C46-C32F-4662-9C62-21662EF6D297} = {8384AC67-A8C9-46AC-A16C-6B46EF8E979E}
		{52C99BE4-9608-4466-97BB-67EACCF18E5E} = {8384AC67-A8C9-46AC-A16C-6B46EF8E979E}
		{922B2CF2-ABF9-4E9F-8B4B-D147D77333A2} = {382FB5ED-19C3-4A97-9A93-98338AE9A508}
		{9441F592-0C45-4C12-A404-5E0715F020F1} = {922B2CF2-ABF9-4E9F-8B4B-D147D77333A2}
		{03C0AE64-46E4-4F67-B76E-CC9E76AAE816} = {922B2CF2-ABF9-4E9F-8B4B-D147D77333A2}
		{FA5437AC-EEC7-48D4-B156-6F4A3047358E} = {922B2CF2-ABF9-4E9F-8B4B-D147D77333A2}
		{0E4BE433-48F8-47F2-A1C7-D07364BF759C} = {922B2CF2-ABF9-4E9F-8B4B-D147D77333A2}
		{2905477E-8832-49EF-84A8-A1E5B4D5E69D} = {E3E06115-E461-44C2-AE04-1F973E0067AF}
		{EF44D8E6-0B12-465E-8641-0ADEF0B8549D} = {5C89F83E-05D8-45CF-9E57-C8C82D415DCE}
		{8191ECBB-E651-40F3-925E-7358D4F0526E} = {5C89F83E-05D8-45CF-9E57-C8C82D415DCE}
		{F32C5FEA-767F-42E9-8F66-7ECC4AF7A47F} = {5C89F83E-05D8-45CF-9E57-C8C82D415DCE}
		{8F80A4AE-733A-4DDA-B663-333E44352D12} = {5C89F83E-05D8-45CF-9E57-C8C82D415DCE}
		{69505BC6-0B2F-4163-91C9-464BDEC7BA78} = {E3E06115-E461-44C2-AE04-1F973E0067AF}
		{3A48EA68-6AD2-4EFD-AB62-56294067AA25} = {E3E06115-E461-44C2-AE04-1F973E0067AF}
		{FD26DABB-FAD6-444B-A635-77B460A10D7D} = {E3E06115-E461-44C2-AE04-1F973E0067AF}
		{0B1E2A8B-D023-45AC-A724-423A7A009A58} = {382FB5ED-19C3-4A97-9A93-98338AE9A508}
		{573B28B9-7959-4AD2-85DE-F388BF08FAF9} = {0B1E2A8B-D023-45AC-A724-423A7A009A58}
		{36A15568-06A0-4982-A6AB-EF9C0237DEB8} = {0B1E2A8B-D023-45AC-A724-423A7A009A58}
		{0842AD31-615D-4E52-B8DD-D961DAB0558A} = {0B1E2A8B-D023-45AC-A724-423A7A009A58}
	EndGlobalSection
EndGlobal
