
Microsoft Visual Studio Solution File, Format Version 12.00
# Visual Studio 15
VisualStudioVersion = 15.0.26124.0
MinimumVisualStudioVersion = 15.0.26124.0
Project("{2150E333-8FDC-42A3-9474-1A3956D46DE8}") = "_", "_", "{AA997E07-73C4-4EED-B05D-433296D16E64}"
	ProjectSection(SolutionItems) = preProject
		Directory.Build.props = Directory.Build.props
		Packages.props = Packages.props
		Directory.Build.targets = Directory.Build.targets
		README.md = README.md
	EndProjectSection
EndProject
Project("{FAE04EC0-301F-11D3-BF4B-00C04F79EFBC}") = "Core", "src\Core\Core.csproj", "{44EAFD91-D991-466D-A4B8-74ACAC27366C}"
EndProject
Project("{FAE04EC0-301F-11D3-BF4B-00C04F79EFBC}") = "Db", "src\Db\Db.csproj", "{7436CC88-EE74-477B-AEDC-D600570FD61D}"
EndProject
Project("{FAE04EC0-301F-11D3-BF4B-00C04F79EFBC}") = "Host", "src\Host\Host.csproj", "{31DB8413-EBD0-4077-929B-E01A72B77F55}"
EndProject
Project("{FAE04EC0-301F-11D3-BF4B-00C04F79EFBC}") = "UI.Blazor.Core", "src\UI.Blazor.Core\UI.Blazor.Core.csproj", "{54241A39-7077-406A-A6C7-071BB2A45AE2}"
EndProject
Project("{FAE04EC0-301F-11D3-BF4B-00C04F79EFBC}") = "UI.Blazor.Host", "src\UI.Blazor.Host\UI.Blazor.Host.csproj", "{025E2CF3-0995-4A9D-BA35-7319821DC957}"
EndProject
Project("{2150E333-8FDC-42A3-9474-1A3956D46DE8}") = "src", "src", "{E3E06115-E461-44C2-AE04-1F973E0067AF}"
EndProject
Project("{2150E333-8FDC-42A3-9474-1A3956D46DE8}") = "Modules", "Modules", "{382FB5ED-19C3-4A97-9A93-98338AE9A508}"
EndProject
Project("{2150E333-8FDC-42A3-9474-1A3956D46DE8}") = "Audio", "Audio", "{1CE0CC27-4F28-4687-B8F4-E1A5F7975BC4}"
EndProject
Project("{FAE04EC0-301F-11D3-BF4B-00C04F79EFBC}") = "Contract", "src\Modules\Audio\Contract\Contract.csproj", "{E5122AC2-183B-4F91-9170-668BED75FA91}"
EndProject
Project("{FAE04EC0-301F-11D3-BF4B-00C04F79EFBC}") = "Client", "src\Modules\Audio\Client\Client.csproj", "{3085F27B-CCF7-4D8B-8C42-6C80DE899701}"
EndProject
Project("{FAE04EC0-301F-11D3-BF4B-00C04F79EFBC}") = "Service", "src\Modules\Audio\Service\Service.csproj", "{8AD824D3-5929-40FE-AE9F-0C49423F1736}"
EndProject
Project("{FAE04EC0-301F-11D3-BF4B-00C04F79EFBC}") = "UI.Blazor", "src\Modules\Audio\UI.Blazor\UI.Blazor.csproj", "{80E1466D-E3FC-4FD3-94D8-393381D335D8}"
EndProject
Project("{2150E333-8FDC-42A3-9474-1A3956D46DE8}") = "Chat", "Chat", "{2AFC898B-25BA-411C-8D68-CE9F837B8845}"
EndProject
Project("{FAE04EC0-301F-11D3-BF4B-00C04F79EFBC}") = "Client", "src\Modules\Chat\Client\Client.csproj", "{7FF5B722-7290-4BD2-984A-C7E6016888E8}"
EndProject
Project("{FAE04EC0-301F-11D3-BF4B-00C04F79EFBC}") = "Contract", "src\Modules\Chat\Contract\Contract.csproj", "{33DD3459-7BA5-402B-9D27-544020187D55}"
EndProject
Project("{FAE04EC0-301F-11D3-BF4B-00C04F79EFBC}") = "Service", "src\Modules\Chat\Service\Service.csproj", "{CD44F9B9-3B5C-438B-960C-1A9660492D79}"
EndProject
Project("{FAE04EC0-301F-11D3-BF4B-00C04F79EFBC}") = "UI.Blazor", "src\Modules\Chat\UI.Blazor\UI.Blazor.csproj", "{5F7D06EC-48CB-4442-B919-68FF265A8E32}"
EndProject
Project("{2150E333-8FDC-42A3-9474-1A3956D46DE8}") = "Todos", "Todos", "{E5454F4F-8587-430E-B690-155E69801292}"
EndProject
Project("{FAE04EC0-301F-11D3-BF4B-00C04F79EFBC}") = "Client", "src\Modules\Todos\Client\Client.csproj", "{306DCB50-50CB-42E3-A2D3-CC704A8A7E1C}"
EndProject
Project("{FAE04EC0-301F-11D3-BF4B-00C04F79EFBC}") = "Contract", "src\Modules\Todos\Contract\Contract.csproj", "{666C4D5C-C132-4AFC-8174-9A438AF68588}"
EndProject
Project("{FAE04EC0-301F-11D3-BF4B-00C04F79EFBC}") = "Service", "src\Modules\Todos\Service\Service.csproj", "{A4A303BC-69A7-407A-80C7-1DC5A22A8B0C}"
EndProject
Project("{FAE04EC0-301F-11D3-BF4B-00C04F79EFBC}") = "UI.Blazor", "src\Modules\Todos\UI.Blazor\UI.Blazor.csproj", "{3D9B6FF4-0D39-4BEF-B78D-57FAC3770A9F}"
EndProject
Project("{2150E333-8FDC-42A3-9474-1A3956D46DE8}") = "Transcription", "Transcription", "{8384AC67-A8C9-46AC-A16C-6B46EF8E979E}"
EndProject
Project("{FAE04EC0-301F-11D3-BF4B-00C04F79EFBC}") = "Contract", "src\Modules\Transcription\Contract\Contract.csproj", "{04BB2C46-C32F-4662-9C62-21662EF6D297}"
EndProject
Project("{FAE04EC0-301F-11D3-BF4B-00C04F79EFBC}") = "Service", "src\Modules\Transcription\Service\Service.csproj", "{52C99BE4-9608-4466-97BB-67EACCF18E5E}"
EndProject
Project("{2150E333-8FDC-42A3-9474-1A3956D46DE8}") = "Users", "Users", "{922B2CF2-ABF9-4E9F-8B4B-D147D77333A2}"
EndProject
Project("{FAE04EC0-301F-11D3-BF4B-00C04F79EFBC}") = "Client", "src\Modules\Users\Client\Client.csproj", "{9441F592-0C45-4C12-A404-5E0715F020F1}"
EndProject
Project("{FAE04EC0-301F-11D3-BF4B-00C04F79EFBC}") = "Contract", "src\Modules\Users\Contract\Contract.csproj", "{03C0AE64-46E4-4F67-B76E-CC9E76AAE816}"
EndProject
Project("{FAE04EC0-301F-11D3-BF4B-00C04F79EFBC}") = "Service", "src\Modules\Users\Service\Service.csproj", "{FA5437AC-EEC7-48D4-B156-6F4A3047358E}"
EndProject
Project("{FAE04EC0-301F-11D3-BF4B-00C04F79EFBC}") = "UI.Blazor", "src\Modules\Users\UI.Blazor\UI.Blazor.csproj", "{0E4BE433-48F8-47F2-A1C7-D07364BF759C}"
EndProject
Project("{FAE04EC0-301F-11D3-BF4B-00C04F79EFBC}") = "Contract", "src\Modules\Storage\Contract\Contract.csproj", "{DA333A3C-64AE-4AF0-9A12-B38284C7F973}"
EndProject
Project("{FAE04EC0-301F-11D3-BF4B-00C04F79EFBC}") = "Service", "src\Modules\Storage\Service\Service.csproj", "{ECB43B10-FB4A-49DC-B28A-A3E08F1AF2AB}"
EndProject
Project("{2150E333-8FDC-42A3-9474-1A3956D46DE8}") = "Storage", "Storage", "{C6DC4617-64C5-4471-A416-1C5D55552656}"
EndProject
Project("{2150E333-8FDC-42A3-9474-1A3956D46DE8}") = "Blobs", "Blobs", "{7CF2F027-4798-4EC0-B01E-65B71608332B}"
EndProject
Project("{FAE04EC0-301F-11D3-BF4B-00C04F79EFBC}") = "Client", "src\Modules\Blobs\Client\Client.csproj", "{36106EFA-7E06-420E-A933-3E35878FF85F}"
EndProject
Project("{FAE04EC0-301F-11D3-BF4B-00C04F79EFBC}") = "Contract", "src\Modules\Blobs\Contract\Contract.csproj", "{75787FA8-44F7-49D9-915B-B091C2072BB1}"
EndProject
Project("{FAE04EC0-301F-11D3-BF4B-00C04F79EFBC}") = "Service", "src\Modules\Blobs\Service\Service.csproj", "{0E7693B3-A1F5-49AA-B3EB-93C7467016A2}"
EndProject
Global
	GlobalSection(SolutionConfigurationPlatforms) = preSolution
		Debug|Any CPU = Debug|Any CPU
		Debug|x64 = Debug|x64
		Debug|x86 = Debug|x86
		Release|Any CPU = Release|Any CPU
		Release|x64 = Release|x64
		Release|x86 = Release|x86
	EndGlobalSection
	GlobalSection(SolutionProperties) = preSolution
		HideSolutionNode = FALSE
	EndGlobalSection
	GlobalSection(ProjectConfigurationPlatforms) = postSolution
		{44EAFD91-D991-466D-A4B8-74ACAC27366C}.Debug|Any CPU.ActiveCfg = Debug|Any CPU
		{44EAFD91-D991-466D-A4B8-74ACAC27366C}.Debug|Any CPU.Build.0 = Debug|Any CPU
		{44EAFD91-D991-466D-A4B8-74ACAC27366C}.Debug|x64.ActiveCfg = Debug|Any CPU
		{44EAFD91-D991-466D-A4B8-74ACAC27366C}.Debug|x64.Build.0 = Debug|Any CPU
		{44EAFD91-D991-466D-A4B8-74ACAC27366C}.Debug|x86.ActiveCfg = Debug|Any CPU
		{44EAFD91-D991-466D-A4B8-74ACAC27366C}.Debug|x86.Build.0 = Debug|Any CPU
		{44EAFD91-D991-466D-A4B8-74ACAC27366C}.Release|Any CPU.ActiveCfg = Release|Any CPU
		{44EAFD91-D991-466D-A4B8-74ACAC27366C}.Release|Any CPU.Build.0 = Release|Any CPU
		{44EAFD91-D991-466D-A4B8-74ACAC27366C}.Release|x64.ActiveCfg = Release|Any CPU
		{44EAFD91-D991-466D-A4B8-74ACAC27366C}.Release|x64.Build.0 = Release|Any CPU
		{44EAFD91-D991-466D-A4B8-74ACAC27366C}.Release|x86.ActiveCfg = Release|Any CPU
		{44EAFD91-D991-466D-A4B8-74ACAC27366C}.Release|x86.Build.0 = Release|Any CPU
		{31DB8413-EBD0-4077-929B-E01A72B77F55}.Debug|Any CPU.ActiveCfg = Debug|Any CPU
		{31DB8413-EBD0-4077-929B-E01A72B77F55}.Debug|Any CPU.Build.0 = Debug|Any CPU
		{31DB8413-EBD0-4077-929B-E01A72B77F55}.Debug|x64.ActiveCfg = Debug|Any CPU
		{31DB8413-EBD0-4077-929B-E01A72B77F55}.Debug|x64.Build.0 = Debug|Any CPU
		{31DB8413-EBD0-4077-929B-E01A72B77F55}.Debug|x86.ActiveCfg = Debug|Any CPU
		{31DB8413-EBD0-4077-929B-E01A72B77F55}.Debug|x86.Build.0 = Debug|Any CPU
		{31DB8413-EBD0-4077-929B-E01A72B77F55}.Release|Any CPU.ActiveCfg = Release|Any CPU
		{31DB8413-EBD0-4077-929B-E01A72B77F55}.Release|Any CPU.Build.0 = Release|Any CPU
		{31DB8413-EBD0-4077-929B-E01A72B77F55}.Release|x64.ActiveCfg = Release|Any CPU
		{31DB8413-EBD0-4077-929B-E01A72B77F55}.Release|x64.Build.0 = Release|Any CPU
		{31DB8413-EBD0-4077-929B-E01A72B77F55}.Release|x86.ActiveCfg = Release|Any CPU
		{31DB8413-EBD0-4077-929B-E01A72B77F55}.Release|x86.Build.0 = Release|Any CPU
		{54241A39-7077-406A-A6C7-071BB2A45AE2}.Debug|Any CPU.ActiveCfg = Debug|Any CPU
		{54241A39-7077-406A-A6C7-071BB2A45AE2}.Debug|Any CPU.Build.0 = Debug|Any CPU
		{54241A39-7077-406A-A6C7-071BB2A45AE2}.Debug|x64.ActiveCfg = Debug|Any CPU
		{54241A39-7077-406A-A6C7-071BB2A45AE2}.Debug|x64.Build.0 = Debug|Any CPU
		{54241A39-7077-406A-A6C7-071BB2A45AE2}.Debug|x86.ActiveCfg = Debug|Any CPU
		{54241A39-7077-406A-A6C7-071BB2A45AE2}.Debug|x86.Build.0 = Debug|Any CPU
		{54241A39-7077-406A-A6C7-071BB2A45AE2}.Release|Any CPU.ActiveCfg = Release|Any CPU
		{54241A39-7077-406A-A6C7-071BB2A45AE2}.Release|Any CPU.Build.0 = Release|Any CPU
		{54241A39-7077-406A-A6C7-071BB2A45AE2}.Release|x64.ActiveCfg = Release|Any CPU
		{54241A39-7077-406A-A6C7-071BB2A45AE2}.Release|x64.Build.0 = Release|Any CPU
		{54241A39-7077-406A-A6C7-071BB2A45AE2}.Release|x86.ActiveCfg = Release|Any CPU
		{54241A39-7077-406A-A6C7-071BB2A45AE2}.Release|x86.Build.0 = Release|Any CPU
		{025E2CF3-0995-4A9D-BA35-7319821DC957}.Debug|Any CPU.ActiveCfg = Debug|Any CPU
		{025E2CF3-0995-4A9D-BA35-7319821DC957}.Debug|Any CPU.Build.0 = Debug|Any CPU
		{025E2CF3-0995-4A9D-BA35-7319821DC957}.Debug|x64.ActiveCfg = Debug|Any CPU
		{025E2CF3-0995-4A9D-BA35-7319821DC957}.Debug|x64.Build.0 = Debug|Any CPU
		{025E2CF3-0995-4A9D-BA35-7319821DC957}.Debug|x86.ActiveCfg = Debug|Any CPU
		{025E2CF3-0995-4A9D-BA35-7319821DC957}.Debug|x86.Build.0 = Debug|Any CPU
		{025E2CF3-0995-4A9D-BA35-7319821DC957}.Release|Any CPU.ActiveCfg = Release|Any CPU
		{025E2CF3-0995-4A9D-BA35-7319821DC957}.Release|Any CPU.Build.0 = Release|Any CPU
		{025E2CF3-0995-4A9D-BA35-7319821DC957}.Release|x64.ActiveCfg = Release|Any CPU
		{025E2CF3-0995-4A9D-BA35-7319821DC957}.Release|x64.Build.0 = Release|Any CPU
		{025E2CF3-0995-4A9D-BA35-7319821DC957}.Release|x86.ActiveCfg = Release|Any CPU
		{025E2CF3-0995-4A9D-BA35-7319821DC957}.Release|x86.Build.0 = Release|Any CPU
		{7436CC88-EE74-477B-AEDC-D600570FD61D}.Debug|Any CPU.ActiveCfg = Debug|Any CPU
		{7436CC88-EE74-477B-AEDC-D600570FD61D}.Debug|Any CPU.Build.0 = Debug|Any CPU
		{7436CC88-EE74-477B-AEDC-D600570FD61D}.Debug|x64.ActiveCfg = Debug|Any CPU
		{7436CC88-EE74-477B-AEDC-D600570FD61D}.Debug|x64.Build.0 = Debug|Any CPU
		{7436CC88-EE74-477B-AEDC-D600570FD61D}.Debug|x86.ActiveCfg = Debug|Any CPU
		{7436CC88-EE74-477B-AEDC-D600570FD61D}.Debug|x86.Build.0 = Debug|Any CPU
		{7436CC88-EE74-477B-AEDC-D600570FD61D}.Release|Any CPU.ActiveCfg = Release|Any CPU
		{7436CC88-EE74-477B-AEDC-D600570FD61D}.Release|Any CPU.Build.0 = Release|Any CPU
		{7436CC88-EE74-477B-AEDC-D600570FD61D}.Release|x64.ActiveCfg = Release|Any CPU
		{7436CC88-EE74-477B-AEDC-D600570FD61D}.Release|x64.Build.0 = Release|Any CPU
		{7436CC88-EE74-477B-AEDC-D600570FD61D}.Release|x86.ActiveCfg = Release|Any CPU
		{7436CC88-EE74-477B-AEDC-D600570FD61D}.Release|x86.Build.0 = Release|Any CPU
		{E5122AC2-183B-4F91-9170-668BED75FA91}.Debug|Any CPU.ActiveCfg = Debug|Any CPU
		{E5122AC2-183B-4F91-9170-668BED75FA91}.Debug|Any CPU.Build.0 = Debug|Any CPU
		{E5122AC2-183B-4F91-9170-668BED75FA91}.Debug|x64.ActiveCfg = Debug|Any CPU
		{E5122AC2-183B-4F91-9170-668BED75FA91}.Debug|x64.Build.0 = Debug|Any CPU
		{E5122AC2-183B-4F91-9170-668BED75FA91}.Debug|x86.ActiveCfg = Debug|Any CPU
		{E5122AC2-183B-4F91-9170-668BED75FA91}.Debug|x86.Build.0 = Debug|Any CPU
		{E5122AC2-183B-4F91-9170-668BED75FA91}.Release|Any CPU.ActiveCfg = Release|Any CPU
		{E5122AC2-183B-4F91-9170-668BED75FA91}.Release|Any CPU.Build.0 = Release|Any CPU
		{E5122AC2-183B-4F91-9170-668BED75FA91}.Release|x64.ActiveCfg = Release|Any CPU
		{E5122AC2-183B-4F91-9170-668BED75FA91}.Release|x64.Build.0 = Release|Any CPU
		{E5122AC2-183B-4F91-9170-668BED75FA91}.Release|x86.ActiveCfg = Release|Any CPU
		{E5122AC2-183B-4F91-9170-668BED75FA91}.Release|x86.Build.0 = Release|Any CPU
		{3085F27B-CCF7-4D8B-8C42-6C80DE899701}.Debug|Any CPU.ActiveCfg = Debug|Any CPU
		{3085F27B-CCF7-4D8B-8C42-6C80DE899701}.Debug|Any CPU.Build.0 = Debug|Any CPU
		{3085F27B-CCF7-4D8B-8C42-6C80DE899701}.Debug|x64.ActiveCfg = Debug|Any CPU
		{3085F27B-CCF7-4D8B-8C42-6C80DE899701}.Debug|x64.Build.0 = Debug|Any CPU
		{3085F27B-CCF7-4D8B-8C42-6C80DE899701}.Debug|x86.ActiveCfg = Debug|Any CPU
		{3085F27B-CCF7-4D8B-8C42-6C80DE899701}.Debug|x86.Build.0 = Debug|Any CPU
		{3085F27B-CCF7-4D8B-8C42-6C80DE899701}.Release|Any CPU.ActiveCfg = Release|Any CPU
		{3085F27B-CCF7-4D8B-8C42-6C80DE899701}.Release|Any CPU.Build.0 = Release|Any CPU
		{3085F27B-CCF7-4D8B-8C42-6C80DE899701}.Release|x64.ActiveCfg = Release|Any CPU
		{3085F27B-CCF7-4D8B-8C42-6C80DE899701}.Release|x64.Build.0 = Release|Any CPU
		{3085F27B-CCF7-4D8B-8C42-6C80DE899701}.Release|x86.ActiveCfg = Release|Any CPU
		{3085F27B-CCF7-4D8B-8C42-6C80DE899701}.Release|x86.Build.0 = Release|Any CPU
		{8AD824D3-5929-40FE-AE9F-0C49423F1736}.Debug|Any CPU.ActiveCfg = Debug|Any CPU
		{8AD824D3-5929-40FE-AE9F-0C49423F1736}.Debug|Any CPU.Build.0 = Debug|Any CPU
		{8AD824D3-5929-40FE-AE9F-0C49423F1736}.Debug|x64.ActiveCfg = Debug|Any CPU
		{8AD824D3-5929-40FE-AE9F-0C49423F1736}.Debug|x64.Build.0 = Debug|Any CPU
		{8AD824D3-5929-40FE-AE9F-0C49423F1736}.Debug|x86.ActiveCfg = Debug|Any CPU
		{8AD824D3-5929-40FE-AE9F-0C49423F1736}.Debug|x86.Build.0 = Debug|Any CPU
		{8AD824D3-5929-40FE-AE9F-0C49423F1736}.Release|Any CPU.ActiveCfg = Release|Any CPU
		{8AD824D3-5929-40FE-AE9F-0C49423F1736}.Release|Any CPU.Build.0 = Release|Any CPU
		{8AD824D3-5929-40FE-AE9F-0C49423F1736}.Release|x64.ActiveCfg = Release|Any CPU
		{8AD824D3-5929-40FE-AE9F-0C49423F1736}.Release|x64.Build.0 = Release|Any CPU
		{8AD824D3-5929-40FE-AE9F-0C49423F1736}.Release|x86.ActiveCfg = Release|Any CPU
		{8AD824D3-5929-40FE-AE9F-0C49423F1736}.Release|x86.Build.0 = Release|Any CPU
		{80E1466D-E3FC-4FD3-94D8-393381D335D8}.Debug|Any CPU.ActiveCfg = Debug|Any CPU
		{80E1466D-E3FC-4FD3-94D8-393381D335D8}.Debug|Any CPU.Build.0 = Debug|Any CPU
		{80E1466D-E3FC-4FD3-94D8-393381D335D8}.Debug|x64.ActiveCfg = Debug|Any CPU
		{80E1466D-E3FC-4FD3-94D8-393381D335D8}.Debug|x64.Build.0 = Debug|Any CPU
		{80E1466D-E3FC-4FD3-94D8-393381D335D8}.Debug|x86.ActiveCfg = Debug|Any CPU
		{80E1466D-E3FC-4FD3-94D8-393381D335D8}.Debug|x86.Build.0 = Debug|Any CPU
		{80E1466D-E3FC-4FD3-94D8-393381D335D8}.Release|Any CPU.ActiveCfg = Release|Any CPU
		{80E1466D-E3FC-4FD3-94D8-393381D335D8}.Release|Any CPU.Build.0 = Release|Any CPU
		{80E1466D-E3FC-4FD3-94D8-393381D335D8}.Release|x64.ActiveCfg = Release|Any CPU
		{80E1466D-E3FC-4FD3-94D8-393381D335D8}.Release|x64.Build.0 = Release|Any CPU
		{80E1466D-E3FC-4FD3-94D8-393381D335D8}.Release|x86.ActiveCfg = Release|Any CPU
		{80E1466D-E3FC-4FD3-94D8-393381D335D8}.Release|x86.Build.0 = Release|Any CPU
		{7FF5B722-7290-4BD2-984A-C7E6016888E8}.Debug|Any CPU.ActiveCfg = Debug|Any CPU
		{7FF5B722-7290-4BD2-984A-C7E6016888E8}.Debug|Any CPU.Build.0 = Debug|Any CPU
		{7FF5B722-7290-4BD2-984A-C7E6016888E8}.Debug|x64.ActiveCfg = Debug|Any CPU
		{7FF5B722-7290-4BD2-984A-C7E6016888E8}.Debug|x64.Build.0 = Debug|Any CPU
		{7FF5B722-7290-4BD2-984A-C7E6016888E8}.Debug|x86.ActiveCfg = Debug|Any CPU
		{7FF5B722-7290-4BD2-984A-C7E6016888E8}.Debug|x86.Build.0 = Debug|Any CPU
		{7FF5B722-7290-4BD2-984A-C7E6016888E8}.Release|Any CPU.ActiveCfg = Release|Any CPU
		{7FF5B722-7290-4BD2-984A-C7E6016888E8}.Release|Any CPU.Build.0 = Release|Any CPU
		{7FF5B722-7290-4BD2-984A-C7E6016888E8}.Release|x64.ActiveCfg = Release|Any CPU
		{7FF5B722-7290-4BD2-984A-C7E6016888E8}.Release|x64.Build.0 = Release|Any CPU
		{7FF5B722-7290-4BD2-984A-C7E6016888E8}.Release|x86.ActiveCfg = Release|Any CPU
		{7FF5B722-7290-4BD2-984A-C7E6016888E8}.Release|x86.Build.0 = Release|Any CPU
		{33DD3459-7BA5-402B-9D27-544020187D55}.Debug|Any CPU.ActiveCfg = Debug|Any CPU
		{33DD3459-7BA5-402B-9D27-544020187D55}.Debug|Any CPU.Build.0 = Debug|Any CPU
		{33DD3459-7BA5-402B-9D27-544020187D55}.Debug|x64.ActiveCfg = Debug|Any CPU
		{33DD3459-7BA5-402B-9D27-544020187D55}.Debug|x64.Build.0 = Debug|Any CPU
		{33DD3459-7BA5-402B-9D27-544020187D55}.Debug|x86.ActiveCfg = Debug|Any CPU
		{33DD3459-7BA5-402B-9D27-544020187D55}.Debug|x86.Build.0 = Debug|Any CPU
		{33DD3459-7BA5-402B-9D27-544020187D55}.Release|Any CPU.ActiveCfg = Release|Any CPU
		{33DD3459-7BA5-402B-9D27-544020187D55}.Release|Any CPU.Build.0 = Release|Any CPU
		{33DD3459-7BA5-402B-9D27-544020187D55}.Release|x64.ActiveCfg = Release|Any CPU
		{33DD3459-7BA5-402B-9D27-544020187D55}.Release|x64.Build.0 = Release|Any CPU
		{33DD3459-7BA5-402B-9D27-544020187D55}.Release|x86.ActiveCfg = Release|Any CPU
		{33DD3459-7BA5-402B-9D27-544020187D55}.Release|x86.Build.0 = Release|Any CPU
		{CD44F9B9-3B5C-438B-960C-1A9660492D79}.Debug|Any CPU.ActiveCfg = Debug|Any CPU
		{CD44F9B9-3B5C-438B-960C-1A9660492D79}.Debug|Any CPU.Build.0 = Debug|Any CPU
		{CD44F9B9-3B5C-438B-960C-1A9660492D79}.Debug|x64.ActiveCfg = Debug|Any CPU
		{CD44F9B9-3B5C-438B-960C-1A9660492D79}.Debug|x64.Build.0 = Debug|Any CPU
		{CD44F9B9-3B5C-438B-960C-1A9660492D79}.Debug|x86.ActiveCfg = Debug|Any CPU
		{CD44F9B9-3B5C-438B-960C-1A9660492D79}.Debug|x86.Build.0 = Debug|Any CPU
		{CD44F9B9-3B5C-438B-960C-1A9660492D79}.Release|Any CPU.ActiveCfg = Release|Any CPU
		{CD44F9B9-3B5C-438B-960C-1A9660492D79}.Release|Any CPU.Build.0 = Release|Any CPU
		{CD44F9B9-3B5C-438B-960C-1A9660492D79}.Release|x64.ActiveCfg = Release|Any CPU
		{CD44F9B9-3B5C-438B-960C-1A9660492D79}.Release|x64.Build.0 = Release|Any CPU
		{CD44F9B9-3B5C-438B-960C-1A9660492D79}.Release|x86.ActiveCfg = Release|Any CPU
		{CD44F9B9-3B5C-438B-960C-1A9660492D79}.Release|x86.Build.0 = Release|Any CPU
		{5F7D06EC-48CB-4442-B919-68FF265A8E32}.Debug|Any CPU.ActiveCfg = Debug|Any CPU
		{5F7D06EC-48CB-4442-B919-68FF265A8E32}.Debug|Any CPU.Build.0 = Debug|Any CPU
		{5F7D06EC-48CB-4442-B919-68FF265A8E32}.Debug|x64.ActiveCfg = Debug|Any CPU
		{5F7D06EC-48CB-4442-B919-68FF265A8E32}.Debug|x64.Build.0 = Debug|Any CPU
		{5F7D06EC-48CB-4442-B919-68FF265A8E32}.Debug|x86.ActiveCfg = Debug|Any CPU
		{5F7D06EC-48CB-4442-B919-68FF265A8E32}.Debug|x86.Build.0 = Debug|Any CPU
		{5F7D06EC-48CB-4442-B919-68FF265A8E32}.Release|Any CPU.ActiveCfg = Release|Any CPU
		{5F7D06EC-48CB-4442-B919-68FF265A8E32}.Release|Any CPU.Build.0 = Release|Any CPU
		{5F7D06EC-48CB-4442-B919-68FF265A8E32}.Release|x64.ActiveCfg = Release|Any CPU
		{5F7D06EC-48CB-4442-B919-68FF265A8E32}.Release|x64.Build.0 = Release|Any CPU
		{5F7D06EC-48CB-4442-B919-68FF265A8E32}.Release|x86.ActiveCfg = Release|Any CPU
		{5F7D06EC-48CB-4442-B919-68FF265A8E32}.Release|x86.Build.0 = Release|Any CPU
		{306DCB50-50CB-42E3-A2D3-CC704A8A7E1C}.Debug|Any CPU.ActiveCfg = Debug|Any CPU
		{306DCB50-50CB-42E3-A2D3-CC704A8A7E1C}.Debug|Any CPU.Build.0 = Debug|Any CPU
		{306DCB50-50CB-42E3-A2D3-CC704A8A7E1C}.Debug|x64.ActiveCfg = Debug|Any CPU
		{306DCB50-50CB-42E3-A2D3-CC704A8A7E1C}.Debug|x64.Build.0 = Debug|Any CPU
		{306DCB50-50CB-42E3-A2D3-CC704A8A7E1C}.Debug|x86.ActiveCfg = Debug|Any CPU
		{306DCB50-50CB-42E3-A2D3-CC704A8A7E1C}.Debug|x86.Build.0 = Debug|Any CPU
		{306DCB50-50CB-42E3-A2D3-CC704A8A7E1C}.Release|Any CPU.ActiveCfg = Release|Any CPU
		{306DCB50-50CB-42E3-A2D3-CC704A8A7E1C}.Release|Any CPU.Build.0 = Release|Any CPU
		{306DCB50-50CB-42E3-A2D3-CC704A8A7E1C}.Release|x64.ActiveCfg = Release|Any CPU
		{306DCB50-50CB-42E3-A2D3-CC704A8A7E1C}.Release|x64.Build.0 = Release|Any CPU
		{306DCB50-50CB-42E3-A2D3-CC704A8A7E1C}.Release|x86.ActiveCfg = Release|Any CPU
		{306DCB50-50CB-42E3-A2D3-CC704A8A7E1C}.Release|x86.Build.0 = Release|Any CPU
		{666C4D5C-C132-4AFC-8174-9A438AF68588}.Debug|Any CPU.ActiveCfg = Debug|Any CPU
		{666C4D5C-C132-4AFC-8174-9A438AF68588}.Debug|Any CPU.Build.0 = Debug|Any CPU
		{666C4D5C-C132-4AFC-8174-9A438AF68588}.Debug|x64.ActiveCfg = Debug|Any CPU
		{666C4D5C-C132-4AFC-8174-9A438AF68588}.Debug|x64.Build.0 = Debug|Any CPU
		{666C4D5C-C132-4AFC-8174-9A438AF68588}.Debug|x86.ActiveCfg = Debug|Any CPU
		{666C4D5C-C132-4AFC-8174-9A438AF68588}.Debug|x86.Build.0 = Debug|Any CPU
		{666C4D5C-C132-4AFC-8174-9A438AF68588}.Release|Any CPU.ActiveCfg = Release|Any CPU
		{666C4D5C-C132-4AFC-8174-9A438AF68588}.Release|Any CPU.Build.0 = Release|Any CPU
		{666C4D5C-C132-4AFC-8174-9A438AF68588}.Release|x64.ActiveCfg = Release|Any CPU
		{666C4D5C-C132-4AFC-8174-9A438AF68588}.Release|x64.Build.0 = Release|Any CPU
		{666C4D5C-C132-4AFC-8174-9A438AF68588}.Release|x86.ActiveCfg = Release|Any CPU
		{666C4D5C-C132-4AFC-8174-9A438AF68588}.Release|x86.Build.0 = Release|Any CPU
		{A4A303BC-69A7-407A-80C7-1DC5A22A8B0C}.Debug|Any CPU.ActiveCfg = Debug|Any CPU
		{A4A303BC-69A7-407A-80C7-1DC5A22A8B0C}.Debug|Any CPU.Build.0 = Debug|Any CPU
		{A4A303BC-69A7-407A-80C7-1DC5A22A8B0C}.Debug|x64.ActiveCfg = Debug|Any CPU
		{A4A303BC-69A7-407A-80C7-1DC5A22A8B0C}.Debug|x64.Build.0 = Debug|Any CPU
		{A4A303BC-69A7-407A-80C7-1DC5A22A8B0C}.Debug|x86.ActiveCfg = Debug|Any CPU
		{A4A303BC-69A7-407A-80C7-1DC5A22A8B0C}.Debug|x86.Build.0 = Debug|Any CPU
		{A4A303BC-69A7-407A-80C7-1DC5A22A8B0C}.Release|Any CPU.ActiveCfg = Release|Any CPU
		{A4A303BC-69A7-407A-80C7-1DC5A22A8B0C}.Release|Any CPU.Build.0 = Release|Any CPU
		{A4A303BC-69A7-407A-80C7-1DC5A22A8B0C}.Release|x64.ActiveCfg = Release|Any CPU
		{A4A303BC-69A7-407A-80C7-1DC5A22A8B0C}.Release|x64.Build.0 = Release|Any CPU
		{A4A303BC-69A7-407A-80C7-1DC5A22A8B0C}.Release|x86.ActiveCfg = Release|Any CPU
		{A4A303BC-69A7-407A-80C7-1DC5A22A8B0C}.Release|x86.Build.0 = Release|Any CPU
		{3D9B6FF4-0D39-4BEF-B78D-57FAC3770A9F}.Debug|Any CPU.ActiveCfg = Debug|Any CPU
		{3D9B6FF4-0D39-4BEF-B78D-57FAC3770A9F}.Debug|Any CPU.Build.0 = Debug|Any CPU
		{3D9B6FF4-0D39-4BEF-B78D-57FAC3770A9F}.Debug|x64.ActiveCfg = Debug|Any CPU
		{3D9B6FF4-0D39-4BEF-B78D-57FAC3770A9F}.Debug|x64.Build.0 = Debug|Any CPU
		{3D9B6FF4-0D39-4BEF-B78D-57FAC3770A9F}.Debug|x86.ActiveCfg = Debug|Any CPU
		{3D9B6FF4-0D39-4BEF-B78D-57FAC3770A9F}.Debug|x86.Build.0 = Debug|Any CPU
		{3D9B6FF4-0D39-4BEF-B78D-57FAC3770A9F}.Release|Any CPU.ActiveCfg = Release|Any CPU
		{3D9B6FF4-0D39-4BEF-B78D-57FAC3770A9F}.Release|Any CPU.Build.0 = Release|Any CPU
		{3D9B6FF4-0D39-4BEF-B78D-57FAC3770A9F}.Release|x64.ActiveCfg = Release|Any CPU
		{3D9B6FF4-0D39-4BEF-B78D-57FAC3770A9F}.Release|x64.Build.0 = Release|Any CPU
		{3D9B6FF4-0D39-4BEF-B78D-57FAC3770A9F}.Release|x86.ActiveCfg = Release|Any CPU
		{3D9B6FF4-0D39-4BEF-B78D-57FAC3770A9F}.Release|x86.Build.0 = Release|Any CPU
		{04BB2C46-C32F-4662-9C62-21662EF6D297}.Debug|Any CPU.ActiveCfg = Debug|Any CPU
		{04BB2C46-C32F-4662-9C62-21662EF6D297}.Debug|Any CPU.Build.0 = Debug|Any CPU
		{04BB2C46-C32F-4662-9C62-21662EF6D297}.Debug|x64.ActiveCfg = Debug|Any CPU
		{04BB2C46-C32F-4662-9C62-21662EF6D297}.Debug|x64.Build.0 = Debug|Any CPU
		{04BB2C46-C32F-4662-9C62-21662EF6D297}.Debug|x86.ActiveCfg = Debug|Any CPU
		{04BB2C46-C32F-4662-9C62-21662EF6D297}.Debug|x86.Build.0 = Debug|Any CPU
		{04BB2C46-C32F-4662-9C62-21662EF6D297}.Release|Any CPU.ActiveCfg = Release|Any CPU
		{04BB2C46-C32F-4662-9C62-21662EF6D297}.Release|Any CPU.Build.0 = Release|Any CPU
		{04BB2C46-C32F-4662-9C62-21662EF6D297}.Release|x64.ActiveCfg = Release|Any CPU
		{04BB2C46-C32F-4662-9C62-21662EF6D297}.Release|x64.Build.0 = Release|Any CPU
		{04BB2C46-C32F-4662-9C62-21662EF6D297}.Release|x86.ActiveCfg = Release|Any CPU
		{04BB2C46-C32F-4662-9C62-21662EF6D297}.Release|x86.Build.0 = Release|Any CPU
		{52C99BE4-9608-4466-97BB-67EACCF18E5E}.Debug|Any CPU.ActiveCfg = Debug|Any CPU
		{52C99BE4-9608-4466-97BB-67EACCF18E5E}.Debug|Any CPU.Build.0 = Debug|Any CPU
		{52C99BE4-9608-4466-97BB-67EACCF18E5E}.Debug|x64.ActiveCfg = Debug|Any CPU
		{52C99BE4-9608-4466-97BB-67EACCF18E5E}.Debug|x64.Build.0 = Debug|Any CPU
		{52C99BE4-9608-4466-97BB-67EACCF18E5E}.Debug|x86.ActiveCfg = Debug|Any CPU
		{52C99BE4-9608-4466-97BB-67EACCF18E5E}.Debug|x86.Build.0 = Debug|Any CPU
		{52C99BE4-9608-4466-97BB-67EACCF18E5E}.Release|Any CPU.ActiveCfg = Release|Any CPU
		{52C99BE4-9608-4466-97BB-67EACCF18E5E}.Release|Any CPU.Build.0 = Release|Any CPU
		{52C99BE4-9608-4466-97BB-67EACCF18E5E}.Release|x64.ActiveCfg = Release|Any CPU
		{52C99BE4-9608-4466-97BB-67EACCF18E5E}.Release|x64.Build.0 = Release|Any CPU
		{52C99BE4-9608-4466-97BB-67EACCF18E5E}.Release|x86.ActiveCfg = Release|Any CPU
		{52C99BE4-9608-4466-97BB-67EACCF18E5E}.Release|x86.Build.0 = Release|Any CPU
		{9441F592-0C45-4C12-A404-5E0715F020F1}.Debug|Any CPU.ActiveCfg = Debug|Any CPU
		{9441F592-0C45-4C12-A404-5E0715F020F1}.Debug|Any CPU.Build.0 = Debug|Any CPU
		{9441F592-0C45-4C12-A404-5E0715F020F1}.Debug|x64.ActiveCfg = Debug|Any CPU
		{9441F592-0C45-4C12-A404-5E0715F020F1}.Debug|x64.Build.0 = Debug|Any CPU
		{9441F592-0C45-4C12-A404-5E0715F020F1}.Debug|x86.ActiveCfg = Debug|Any CPU
		{9441F592-0C45-4C12-A404-5E0715F020F1}.Debug|x86.Build.0 = Debug|Any CPU
		{9441F592-0C45-4C12-A404-5E0715F020F1}.Release|Any CPU.ActiveCfg = Release|Any CPU
		{9441F592-0C45-4C12-A404-5E0715F020F1}.Release|Any CPU.Build.0 = Release|Any CPU
		{9441F592-0C45-4C12-A404-5E0715F020F1}.Release|x64.ActiveCfg = Release|Any CPU
		{9441F592-0C45-4C12-A404-5E0715F020F1}.Release|x64.Build.0 = Release|Any CPU
		{9441F592-0C45-4C12-A404-5E0715F020F1}.Release|x86.ActiveCfg = Release|Any CPU
		{9441F592-0C45-4C12-A404-5E0715F020F1}.Release|x86.Build.0 = Release|Any CPU
		{03C0AE64-46E4-4F67-B76E-CC9E76AAE816}.Debug|Any CPU.ActiveCfg = Debug|Any CPU
		{03C0AE64-46E4-4F67-B76E-CC9E76AAE816}.Debug|Any CPU.Build.0 = Debug|Any CPU
		{03C0AE64-46E4-4F67-B76E-CC9E76AAE816}.Debug|x64.ActiveCfg = Debug|Any CPU
		{03C0AE64-46E4-4F67-B76E-CC9E76AAE816}.Debug|x64.Build.0 = Debug|Any CPU
		{03C0AE64-46E4-4F67-B76E-CC9E76AAE816}.Debug|x86.ActiveCfg = Debug|Any CPU
		{03C0AE64-46E4-4F67-B76E-CC9E76AAE816}.Debug|x86.Build.0 = Debug|Any CPU
		{03C0AE64-46E4-4F67-B76E-CC9E76AAE816}.Release|Any CPU.ActiveCfg = Release|Any CPU
		{03C0AE64-46E4-4F67-B76E-CC9E76AAE816}.Release|Any CPU.Build.0 = Release|Any CPU
		{03C0AE64-46E4-4F67-B76E-CC9E76AAE816}.Release|x64.ActiveCfg = Release|Any CPU
		{03C0AE64-46E4-4F67-B76E-CC9E76AAE816}.Release|x64.Build.0 = Release|Any CPU
		{03C0AE64-46E4-4F67-B76E-CC9E76AAE816}.Release|x86.ActiveCfg = Release|Any CPU
		{03C0AE64-46E4-4F67-B76E-CC9E76AAE816}.Release|x86.Build.0 = Release|Any CPU
		{FA5437AC-EEC7-48D4-B156-6F4A3047358E}.Debug|Any CPU.ActiveCfg = Debug|Any CPU
		{FA5437AC-EEC7-48D4-B156-6F4A3047358E}.Debug|Any CPU.Build.0 = Debug|Any CPU
		{FA5437AC-EEC7-48D4-B156-6F4A3047358E}.Debug|x64.ActiveCfg = Debug|Any CPU
		{FA5437AC-EEC7-48D4-B156-6F4A3047358E}.Debug|x64.Build.0 = Debug|Any CPU
		{FA5437AC-EEC7-48D4-B156-6F4A3047358E}.Debug|x86.ActiveCfg = Debug|Any CPU
		{FA5437AC-EEC7-48D4-B156-6F4A3047358E}.Debug|x86.Build.0 = Debug|Any CPU
		{FA5437AC-EEC7-48D4-B156-6F4A3047358E}.Release|Any CPU.ActiveCfg = Release|Any CPU
		{FA5437AC-EEC7-48D4-B156-6F4A3047358E}.Release|Any CPU.Build.0 = Release|Any CPU
		{FA5437AC-EEC7-48D4-B156-6F4A3047358E}.Release|x64.ActiveCfg = Release|Any CPU
		{FA5437AC-EEC7-48D4-B156-6F4A3047358E}.Release|x64.Build.0 = Release|Any CPU
		{FA5437AC-EEC7-48D4-B156-6F4A3047358E}.Release|x86.ActiveCfg = Release|Any CPU
		{FA5437AC-EEC7-48D4-B156-6F4A3047358E}.Release|x86.Build.0 = Release|Any CPU
		{0E4BE433-48F8-47F2-A1C7-D07364BF759C}.Debug|Any CPU.ActiveCfg = Debug|Any CPU
		{0E4BE433-48F8-47F2-A1C7-D07364BF759C}.Debug|Any CPU.Build.0 = Debug|Any CPU
		{0E4BE433-48F8-47F2-A1C7-D07364BF759C}.Debug|x64.ActiveCfg = Debug|Any CPU
		{0E4BE433-48F8-47F2-A1C7-D07364BF759C}.Debug|x64.Build.0 = Debug|Any CPU
		{0E4BE433-48F8-47F2-A1C7-D07364BF759C}.Debug|x86.ActiveCfg = Debug|Any CPU
		{0E4BE433-48F8-47F2-A1C7-D07364BF759C}.Debug|x86.Build.0 = Debug|Any CPU
		{0E4BE433-48F8-47F2-A1C7-D07364BF759C}.Release|Any CPU.ActiveCfg = Release|Any CPU
		{0E4BE433-48F8-47F2-A1C7-D07364BF759C}.Release|Any CPU.Build.0 = Release|Any CPU
		{0E4BE433-48F8-47F2-A1C7-D07364BF759C}.Release|x64.ActiveCfg = Release|Any CPU
		{0E4BE433-48F8-47F2-A1C7-D07364BF759C}.Release|x64.Build.0 = Release|Any CPU
		{0E4BE433-48F8-47F2-A1C7-D07364BF759C}.Release|x86.ActiveCfg = Release|Any CPU
		{0E4BE433-48F8-47F2-A1C7-D07364BF759C}.Release|x86.Build.0 = Release|Any CPU
		{DA333A3C-64AE-4AF0-9A12-B38284C7F973}.Debug|Any CPU.ActiveCfg = Debug|Any CPU
		{DA333A3C-64AE-4AF0-9A12-B38284C7F973}.Debug|Any CPU.Build.0 = Debug|Any CPU
		{DA333A3C-64AE-4AF0-9A12-B38284C7F973}.Debug|x64.ActiveCfg = Debug|Any CPU
		{DA333A3C-64AE-4AF0-9A12-B38284C7F973}.Debug|x64.Build.0 = Debug|Any CPU
		{DA333A3C-64AE-4AF0-9A12-B38284C7F973}.Debug|x86.ActiveCfg = Debug|Any CPU
		{DA333A3C-64AE-4AF0-9A12-B38284C7F973}.Debug|x86.Build.0 = Debug|Any CPU
		{DA333A3C-64AE-4AF0-9A12-B38284C7F973}.Release|Any CPU.ActiveCfg = Release|Any CPU
		{DA333A3C-64AE-4AF0-9A12-B38284C7F973}.Release|Any CPU.Build.0 = Release|Any CPU
		{DA333A3C-64AE-4AF0-9A12-B38284C7F973}.Release|x64.ActiveCfg = Release|Any CPU
		{DA333A3C-64AE-4AF0-9A12-B38284C7F973}.Release|x64.Build.0 = Release|Any CPU
		{DA333A3C-64AE-4AF0-9A12-B38284C7F973}.Release|x86.ActiveCfg = Release|Any CPU
		{DA333A3C-64AE-4AF0-9A12-B38284C7F973}.Release|x86.Build.0 = Release|Any CPU
		{ECB43B10-FB4A-49DC-B28A-A3E08F1AF2AB}.Debug|Any CPU.ActiveCfg = Debug|Any CPU
		{ECB43B10-FB4A-49DC-B28A-A3E08F1AF2AB}.Debug|Any CPU.Build.0 = Debug|Any CPU
		{ECB43B10-FB4A-49DC-B28A-A3E08F1AF2AB}.Debug|x64.ActiveCfg = Debug|Any CPU
		{ECB43B10-FB4A-49DC-B28A-A3E08F1AF2AB}.Debug|x64.Build.0 = Debug|Any CPU
		{ECB43B10-FB4A-49DC-B28A-A3E08F1AF2AB}.Debug|x86.ActiveCfg = Debug|Any CPU
		{ECB43B10-FB4A-49DC-B28A-A3E08F1AF2AB}.Debug|x86.Build.0 = Debug|Any CPU
		{ECB43B10-FB4A-49DC-B28A-A3E08F1AF2AB}.Release|Any CPU.ActiveCfg = Release|Any CPU
		{ECB43B10-FB4A-49DC-B28A-A3E08F1AF2AB}.Release|Any CPU.Build.0 = Release|Any CPU
		{ECB43B10-FB4A-49DC-B28A-A3E08F1AF2AB}.Release|x64.ActiveCfg = Release|Any CPU
		{ECB43B10-FB4A-49DC-B28A-A3E08F1AF2AB}.Release|x64.Build.0 = Release|Any CPU
		{ECB43B10-FB4A-49DC-B28A-A3E08F1AF2AB}.Release|x86.ActiveCfg = Release|Any CPU
		{ECB43B10-FB4A-49DC-B28A-A3E08F1AF2AB}.Release|x86.Build.0 = Release|Any CPU
		{36106EFA-7E06-420E-A933-3E35878FF85F}.Debug|Any CPU.ActiveCfg = Debug|Any CPU
		{36106EFA-7E06-420E-A933-3E35878FF85F}.Debug|Any CPU.Build.0 = Debug|Any CPU
		{36106EFA-7E06-420E-A933-3E35878FF85F}.Debug|x64.ActiveCfg = Debug|Any CPU
		{36106EFA-7E06-420E-A933-3E35878FF85F}.Debug|x64.Build.0 = Debug|Any CPU
		{36106EFA-7E06-420E-A933-3E35878FF85F}.Debug|x86.ActiveCfg = Debug|Any CPU
		{36106EFA-7E06-420E-A933-3E35878FF85F}.Debug|x86.Build.0 = Debug|Any CPU
		{36106EFA-7E06-420E-A933-3E35878FF85F}.Release|Any CPU.ActiveCfg = Release|Any CPU
		{36106EFA-7E06-420E-A933-3E35878FF85F}.Release|Any CPU.Build.0 = Release|Any CPU
		{36106EFA-7E06-420E-A933-3E35878FF85F}.Release|x64.ActiveCfg = Release|Any CPU
		{36106EFA-7E06-420E-A933-3E35878FF85F}.Release|x64.Build.0 = Release|Any CPU
		{36106EFA-7E06-420E-A933-3E35878FF85F}.Release|x86.ActiveCfg = Release|Any CPU
		{36106EFA-7E06-420E-A933-3E35878FF85F}.Release|x86.Build.0 = Release|Any CPU
		{75787FA8-44F7-49D9-915B-B091C2072BB1}.Debug|Any CPU.ActiveCfg = Debug|Any CPU
		{75787FA8-44F7-49D9-915B-B091C2072BB1}.Debug|Any CPU.Build.0 = Debug|Any CPU
		{75787FA8-44F7-49D9-915B-B091C2072BB1}.Debug|x64.ActiveCfg = Debug|Any CPU
		{75787FA8-44F7-49D9-915B-B091C2072BB1}.Debug|x64.Build.0 = Debug|Any CPU
		{75787FA8-44F7-49D9-915B-B091C2072BB1}.Debug|x86.ActiveCfg = Debug|Any CPU
		{75787FA8-44F7-49D9-915B-B091C2072BB1}.Debug|x86.Build.0 = Debug|Any CPU
		{75787FA8-44F7-49D9-915B-B091C2072BB1}.Release|Any CPU.ActiveCfg = Release|Any CPU
		{75787FA8-44F7-49D9-915B-B091C2072BB1}.Release|Any CPU.Build.0 = Release|Any CPU
		{75787FA8-44F7-49D9-915B-B091C2072BB1}.Release|x64.ActiveCfg = Release|Any CPU
		{75787FA8-44F7-49D9-915B-B091C2072BB1}.Release|x64.Build.0 = Release|Any CPU
		{75787FA8-44F7-49D9-915B-B091C2072BB1}.Release|x86.ActiveCfg = Release|Any CPU
		{75787FA8-44F7-49D9-915B-B091C2072BB1}.Release|x86.Build.0 = Release|Any CPU
		{0E7693B3-A1F5-49AA-B3EB-93C7467016A2}.Debug|Any CPU.ActiveCfg = Debug|Any CPU
		{0E7693B3-A1F5-49AA-B3EB-93C7467016A2}.Debug|Any CPU.Build.0 = Debug|Any CPU
		{0E7693B3-A1F5-49AA-B3EB-93C7467016A2}.Debug|x64.ActiveCfg = Debug|Any CPU
		{0E7693B3-A1F5-49AA-B3EB-93C7467016A2}.Debug|x64.Build.0 = Debug|Any CPU
		{0E7693B3-A1F5-49AA-B3EB-93C7467016A2}.Debug|x86.ActiveCfg = Debug|Any CPU
		{0E7693B3-A1F5-49AA-B3EB-93C7467016A2}.Debug|x86.Build.0 = Debug|Any CPU
		{0E7693B3-A1F5-49AA-B3EB-93C7467016A2}.Release|Any CPU.ActiveCfg = Release|Any CPU
		{0E7693B3-A1F5-49AA-B3EB-93C7467016A2}.Release|Any CPU.Build.0 = Release|Any CPU
		{0E7693B3-A1F5-49AA-B3EB-93C7467016A2}.Release|x64.ActiveCfg = Release|Any CPU
		{0E7693B3-A1F5-49AA-B3EB-93C7467016A2}.Release|x64.Build.0 = Release|Any CPU
		{0E7693B3-A1F5-49AA-B3EB-93C7467016A2}.Release|x86.ActiveCfg = Release|Any CPU
		{0E7693B3-A1F5-49AA-B3EB-93C7467016A2}.Release|x86.Build.0 = Release|Any CPU
	EndGlobalSection
	GlobalSection(NestedProjects) = preSolution
		{382FB5ED-19C3-4A97-9A93-98338AE9A508} = {E3E06115-E461-44C2-AE04-1F973E0067AF}
		{1CE0CC27-4F28-4687-B8F4-E1A5F7975BC4} = {382FB5ED-19C3-4A97-9A93-98338AE9A508}
		{E5122AC2-183B-4F91-9170-668BED75FA91} = {1CE0CC27-4F28-4687-B8F4-E1A5F7975BC4}
		{3085F27B-CCF7-4D8B-8C42-6C80DE899701} = {1CE0CC27-4F28-4687-B8F4-E1A5F7975BC4}
		{8AD824D3-5929-40FE-AE9F-0C49423F1736} = {1CE0CC27-4F28-4687-B8F4-E1A5F7975BC4}
		{80E1466D-E3FC-4FD3-94D8-393381D335D8} = {1CE0CC27-4F28-4687-B8F4-E1A5F7975BC4}
		{44EAFD91-D991-466D-A4B8-74ACAC27366C} = {E3E06115-E461-44C2-AE04-1F973E0067AF}
		{7436CC88-EE74-477B-AEDC-D600570FD61D} = {E3E06115-E461-44C2-AE04-1F973E0067AF}
		{31DB8413-EBD0-4077-929B-E01A72B77F55} = {E3E06115-E461-44C2-AE04-1F973E0067AF}
		{54241A39-7077-406A-A6C7-071BB2A45AE2} = {E3E06115-E461-44C2-AE04-1F973E0067AF}
		{025E2CF3-0995-4A9D-BA35-7319821DC957} = {E3E06115-E461-44C2-AE04-1F973E0067AF}
		{2AFC898B-25BA-411C-8D68-CE9F837B8845} = {382FB5ED-19C3-4A97-9A93-98338AE9A508}
		{7FF5B722-7290-4BD2-984A-C7E6016888E8} = {2AFC898B-25BA-411C-8D68-CE9F837B8845}
		{33DD3459-7BA5-402B-9D27-544020187D55} = {2AFC898B-25BA-411C-8D68-CE9F837B8845}
		{CD44F9B9-3B5C-438B-960C-1A9660492D79} = {2AFC898B-25BA-411C-8D68-CE9F837B8845}
		{5F7D06EC-48CB-4442-B919-68FF265A8E32} = {2AFC898B-25BA-411C-8D68-CE9F837B8845}
		{E5454F4F-8587-430E-B690-155E69801292} = {382FB5ED-19C3-4A97-9A93-98338AE9A508}
		{306DCB50-50CB-42E3-A2D3-CC704A8A7E1C} = {E5454F4F-8587-430E-B690-155E69801292}
		{666C4D5C-C132-4AFC-8174-9A438AF68588} = {E5454F4F-8587-430E-B690-155E69801292}
		{A4A303BC-69A7-407A-80C7-1DC5A22A8B0C} = {E5454F4F-8587-430E-B690-155E69801292}
		{3D9B6FF4-0D39-4BEF-B78D-57FAC3770A9F} = {E5454F4F-8587-430E-B690-155E69801292}
		{8384AC67-A8C9-46AC-A16C-6B46EF8E979E} = {382FB5ED-19C3-4A97-9A93-98338AE9A508}
		{04BB2C46-C32F-4662-9C62-21662EF6D297} = {8384AC67-A8C9-46AC-A16C-6B46EF8E979E}
		{52C99BE4-9608-4466-97BB-67EACCF18E5E} = {8384AC67-A8C9-46AC-A16C-6B46EF8E979E}
		{922B2CF2-ABF9-4E9F-8B4B-D147D77333A2} = {382FB5ED-19C3-4A97-9A93-98338AE9A508}
		{9441F592-0C45-4C12-A404-5E0715F020F1} = {922B2CF2-ABF9-4E9F-8B4B-D147D77333A2}
		{03C0AE64-46E4-4F67-B76E-CC9E76AAE816} = {922B2CF2-ABF9-4E9F-8B4B-D147D77333A2}
		{FA5437AC-EEC7-48D4-B156-6F4A3047358E} = {922B2CF2-ABF9-4E9F-8B4B-D147D77333A2}
		{0E4BE433-48F8-47F2-A1C7-D07364BF759C} = {922B2CF2-ABF9-4E9F-8B4B-D147D77333A2}
		{C6DC4617-64C5-4471-A416-1C5D55552656} = {382FB5ED-19C3-4A97-9A93-98338AE9A508}
		{DA333A3C-64AE-4AF0-9A12-B38284C7F973} = {C6DC4617-64C5-4471-A416-1C5D55552656}
		{ECB43B10-FB4A-49DC-B28A-A3E08F1AF2AB} = {C6DC4617-64C5-4471-A416-1C5D55552656}
		{7CF2F027-4798-4EC0-B01E-65B71608332B} = {382FB5ED-19C3-4A97-9A93-98338AE9A508}
		{36106EFA-7E06-420E-A933-3E35878FF85F} = {7CF2F027-4798-4EC0-B01E-65B71608332B}
		{75787FA8-44F7-49D9-915B-B091C2072BB1} = {7CF2F027-4798-4EC0-B01E-65B71608332B}
		{0E7693B3-A1F5-49AA-B3EB-93C7467016A2} = {7CF2F027-4798-4EC0-B01E-65B71608332B}
	EndGlobalSection
EndGlobal
