
Microsoft Visual Studio Solution File, Format Version 12.00
# Visual Studio 15
VisualStudioVersion = 15.0.26124.0
MinimumVisualStudioVersion = 15.0.26124.0
Project("{2150E333-8FDC-42A3-9474-1A3956D46DE8}") = "_Root", "_Root", "{AA997E07-73C4-4EED-B05D-433296D16E64}"
ProjectSection(SolutionItems) = preProject
	Directory.Build.props = Directory.Build.props
	Packages.props = Packages.props
	Directory.Build.targets = Directory.Build.targets
	README.md = README.md
EndProjectSection
EndProject
Project("{FAE04EC0-301F-11D3-BF4B-00C04F79EFBC}") = "Core", "src\Core\Core.csproj", "{44EAFD91-D991-466D-A4B8-74ACAC27366C}"
EndProject
Project("{FAE04EC0-301F-11D3-BF4B-00C04F79EFBC}") = "Host", "src\Host\Host.csproj", "{31DB8413-EBD0-4077-929B-E01A72B77F55}"
EndProject
Project("{2150E333-8FDC-42A3-9474-1A3956D46DE8}") = "Modules", "Modules", "{516AA78D-A20F-4DE4-89DE-238A8B803001}"
EndProject
Project("{FAE04EC0-301F-11D3-BF4B-00C04F79EFBC}") = "Users", "src\Modules\Users\Users.csproj", "{FCB38878-57CB-4C07-BEF1-61981938DE05}"
EndProject
Project("{FAE04EC0-301F-11D3-BF4B-00C04F79EFBC}") = "Todos.Contracts", "src\Modules\Todos.Contracts\Todos.Contracts.csproj", "{659AC414-9B82-4C6F-899B-0EAA64100326}"
EndProject
Project("{FAE04EC0-301F-11D3-BF4B-00C04F79EFBC}") = "Todos", "src\Modules\Todos\Todos.csproj", "{26ED4E7D-FF36-42BC-AB3B-AC5282172459}"
EndProject
Project("{FAE04EC0-301F-11D3-BF4B-00C04F79EFBC}") = "Todos.UI.Blazor", "src\Modules\Todos.UI.Blazor\Todos.UI.Blazor.csproj", "{D699C499-39F0-4A3A-8B2F-D738B3C089FF}"
EndProject
Project("{FAE04EC0-301F-11D3-BF4B-00C04F79EFBC}") = "UI.Blazor.Core", "src\UI.Blazor.Core\UI.Blazor.Core.csproj", "{54241A39-7077-406A-A6C7-071BB2A45AE2}"
EndProject
Project("{FAE04EC0-301F-11D3-BF4B-00C04F79EFBC}") = "UI.Blazor.Host", "src\UI.Blazor.Host\UI.Blazor.Host.csproj", "{025E2CF3-0995-4A9D-BA35-7319821DC957}"
EndProject
Global
	GlobalSection(SolutionConfigurationPlatforms) = preSolution
		Debug|Any CPU = Debug|Any CPU
		Debug|x64 = Debug|x64
		Debug|x86 = Debug|x86
		Release|Any CPU = Release|Any CPU
		Release|x64 = Release|x64
		Release|x86 = Release|x86
	EndGlobalSection
	GlobalSection(SolutionProperties) = preSolution
		HideSolutionNode = FALSE
	EndGlobalSection
	GlobalSection(ProjectConfigurationPlatforms) = postSolution
		{44EAFD91-D991-466D-A4B8-74ACAC27366C}.Debug|Any CPU.ActiveCfg = Debug|Any CPU
		{44EAFD91-D991-466D-A4B8-74ACAC27366C}.Debug|Any CPU.Build.0 = Debug|Any CPU
		{44EAFD91-D991-466D-A4B8-74ACAC27366C}.Debug|x64.ActiveCfg = Debug|Any CPU
		{44EAFD91-D991-466D-A4B8-74ACAC27366C}.Debug|x64.Build.0 = Debug|Any CPU
		{44EAFD91-D991-466D-A4B8-74ACAC27366C}.Debug|x86.ActiveCfg = Debug|Any CPU
		{44EAFD91-D991-466D-A4B8-74ACAC27366C}.Debug|x86.Build.0 = Debug|Any CPU
		{44EAFD91-D991-466D-A4B8-74ACAC27366C}.Release|Any CPU.ActiveCfg = Release|Any CPU
		{44EAFD91-D991-466D-A4B8-74ACAC27366C}.Release|Any CPU.Build.0 = Release|Any CPU
		{44EAFD91-D991-466D-A4B8-74ACAC27366C}.Release|x64.ActiveCfg = Release|Any CPU
		{44EAFD91-D991-466D-A4B8-74ACAC27366C}.Release|x64.Build.0 = Release|Any CPU
		{44EAFD91-D991-466D-A4B8-74ACAC27366C}.Release|x86.ActiveCfg = Release|Any CPU
		{44EAFD91-D991-466D-A4B8-74ACAC27366C}.Release|x86.Build.0 = Release|Any CPU
		{31DB8413-EBD0-4077-929B-E01A72B77F55}.Debug|Any CPU.ActiveCfg = Debug|Any CPU
		{31DB8413-EBD0-4077-929B-E01A72B77F55}.Debug|Any CPU.Build.0 = Debug|Any CPU
		{31DB8413-EBD0-4077-929B-E01A72B77F55}.Debug|x64.ActiveCfg = Debug|Any CPU
		{31DB8413-EBD0-4077-929B-E01A72B77F55}.Debug|x64.Build.0 = Debug|Any CPU
		{31DB8413-EBD0-4077-929B-E01A72B77F55}.Debug|x86.ActiveCfg = Debug|Any CPU
		{31DB8413-EBD0-4077-929B-E01A72B77F55}.Debug|x86.Build.0 = Debug|Any CPU
		{31DB8413-EBD0-4077-929B-E01A72B77F55}.Release|Any CPU.ActiveCfg = Release|Any CPU
		{31DB8413-EBD0-4077-929B-E01A72B77F55}.Release|Any CPU.Build.0 = Release|Any CPU
		{31DB8413-EBD0-4077-929B-E01A72B77F55}.Release|x64.ActiveCfg = Release|Any CPU
		{31DB8413-EBD0-4077-929B-E01A72B77F55}.Release|x64.Build.0 = Release|Any CPU
		{31DB8413-EBD0-4077-929B-E01A72B77F55}.Release|x86.ActiveCfg = Release|Any CPU
		{31DB8413-EBD0-4077-929B-E01A72B77F55}.Release|x86.Build.0 = Release|Any CPU
		{899BD120-CF1E-4A83-949E-1E5F3E355AF5}.Debug|Any CPU.ActiveCfg = Debug|Any CPU
		{899BD120-CF1E-4A83-949E-1E5F3E355AF5}.Debug|Any CPU.Build.0 = Debug|Any CPU
		{899BD120-CF1E-4A83-949E-1E5F3E355AF5}.Debug|x64.ActiveCfg = Debug|Any CPU
		{899BD120-CF1E-4A83-949E-1E5F3E355AF5}.Debug|x64.Build.0 = Debug|Any CPU
		{899BD120-CF1E-4A83-949E-1E5F3E355AF5}.Debug|x86.ActiveCfg = Debug|Any CPU
		{899BD120-CF1E-4A83-949E-1E5F3E355AF5}.Debug|x86.Build.0 = Debug|Any CPU
		{899BD120-CF1E-4A83-949E-1E5F3E355AF5}.Release|Any CPU.ActiveCfg = Release|Any CPU
		{899BD120-CF1E-4A83-949E-1E5F3E355AF5}.Release|Any CPU.Build.0 = Release|Any CPU
		{899BD120-CF1E-4A83-949E-1E5F3E355AF5}.Release|x64.ActiveCfg = Release|Any CPU
		{899BD120-CF1E-4A83-949E-1E5F3E355AF5}.Release|x64.Build.0 = Release|Any CPU
		{899BD120-CF1E-4A83-949E-1E5F3E355AF5}.Release|x86.ActiveCfg = Release|Any CPU
		{899BD120-CF1E-4A83-949E-1E5F3E355AF5}.Release|x86.Build.0 = Release|Any CPU
		{D7951D3F-E91E-48D4-B79E-57F46D92F378}.Debug|Any CPU.ActiveCfg = Debug|Any CPU
		{D7951D3F-E91E-48D4-B79E-57F46D92F378}.Debug|Any CPU.Build.0 = Debug|Any CPU
		{D7951D3F-E91E-48D4-B79E-57F46D92F378}.Debug|x64.ActiveCfg = Debug|Any CPU
		{D7951D3F-E91E-48D4-B79E-57F46D92F378}.Debug|x64.Build.0 = Debug|Any CPU
		{D7951D3F-E91E-48D4-B79E-57F46D92F378}.Debug|x86.ActiveCfg = Debug|Any CPU
		{D7951D3F-E91E-48D4-B79E-57F46D92F378}.Debug|x86.Build.0 = Debug|Any CPU
		{D7951D3F-E91E-48D4-B79E-57F46D92F378}.Release|Any CPU.ActiveCfg = Release|Any CPU
		{D7951D3F-E91E-48D4-B79E-57F46D92F378}.Release|Any CPU.Build.0 = Release|Any CPU
		{D7951D3F-E91E-48D4-B79E-57F46D92F378}.Release|x64.ActiveCfg = Release|Any CPU
		{D7951D3F-E91E-48D4-B79E-57F46D92F378}.Release|x64.Build.0 = Release|Any CPU
		{D7951D3F-E91E-48D4-B79E-57F46D92F378}.Release|x86.ActiveCfg = Release|Any CPU
		{D7951D3F-E91E-48D4-B79E-57F46D92F378}.Release|x86.Build.0 = Release|Any CPU
		{4F5E7D84-043B-49A9-A911-5C0674567CB2}.Debug|Any CPU.ActiveCfg = Debug|Any CPU
		{4F5E7D84-043B-49A9-A911-5C0674567CB2}.Debug|Any CPU.Build.0 = Debug|Any CPU
		{4F5E7D84-043B-49A9-A911-5C0674567CB2}.Debug|x64.ActiveCfg = Debug|Any CPU
		{4F5E7D84-043B-49A9-A911-5C0674567CB2}.Debug|x64.Build.0 = Debug|Any CPU
		{4F5E7D84-043B-49A9-A911-5C0674567CB2}.Debug|x86.ActiveCfg = Debug|Any CPU
		{4F5E7D84-043B-49A9-A911-5C0674567CB2}.Debug|x86.Build.0 = Debug|Any CPU
		{4F5E7D84-043B-49A9-A911-5C0674567CB2}.Release|Any CPU.ActiveCfg = Release|Any CPU
		{4F5E7D84-043B-49A9-A911-5C0674567CB2}.Release|Any CPU.Build.0 = Release|Any CPU
		{4F5E7D84-043B-49A9-A911-5C0674567CB2}.Release|x64.ActiveCfg = Release|Any CPU
		{4F5E7D84-043B-49A9-A911-5C0674567CB2}.Release|x64.Build.0 = Release|Any CPU
		{4F5E7D84-043B-49A9-A911-5C0674567CB2}.Release|x86.ActiveCfg = Release|Any CPU
		{4F5E7D84-043B-49A9-A911-5C0674567CB2}.Release|x86.Build.0 = Release|Any CPU
		{FCB38878-57CB-4C07-BEF1-61981938DE05}.Debug|Any CPU.ActiveCfg = Debug|Any CPU
		{FCB38878-57CB-4C07-BEF1-61981938DE05}.Debug|Any CPU.Build.0 = Debug|Any CPU
		{FCB38878-57CB-4C07-BEF1-61981938DE05}.Debug|x64.ActiveCfg = Debug|Any CPU
		{FCB38878-57CB-4C07-BEF1-61981938DE05}.Debug|x64.Build.0 = Debug|Any CPU
		{FCB38878-57CB-4C07-BEF1-61981938DE05}.Debug|x86.ActiveCfg = Debug|Any CPU
		{FCB38878-57CB-4C07-BEF1-61981938DE05}.Debug|x86.Build.0 = Debug|Any CPU
		{FCB38878-57CB-4C07-BEF1-61981938DE05}.Release|Any CPU.ActiveCfg = Release|Any CPU
		{FCB38878-57CB-4C07-BEF1-61981938DE05}.Release|Any CPU.Build.0 = Release|Any CPU
		{FCB38878-57CB-4C07-BEF1-61981938DE05}.Release|x64.ActiveCfg = Release|Any CPU
		{FCB38878-57CB-4C07-BEF1-61981938DE05}.Release|x64.Build.0 = Release|Any CPU
		{FCB38878-57CB-4C07-BEF1-61981938DE05}.Release|x86.ActiveCfg = Release|Any CPU
		{FCB38878-57CB-4C07-BEF1-61981938DE05}.Release|x86.Build.0 = Release|Any CPU
		{659AC414-9B82-4C6F-899B-0EAA64100326}.Debug|Any CPU.ActiveCfg = Debug|Any CPU
		{659AC414-9B82-4C6F-899B-0EAA64100326}.Debug|Any CPU.Build.0 = Debug|Any CPU
		{659AC414-9B82-4C6F-899B-0EAA64100326}.Debug|x64.ActiveCfg = Debug|Any CPU
		{659AC414-9B82-4C6F-899B-0EAA64100326}.Debug|x64.Build.0 = Debug|Any CPU
		{659AC414-9B82-4C6F-899B-0EAA64100326}.Debug|x86.ActiveCfg = Debug|Any CPU
		{659AC414-9B82-4C6F-899B-0EAA64100326}.Debug|x86.Build.0 = Debug|Any CPU
		{659AC414-9B82-4C6F-899B-0EAA64100326}.Release|Any CPU.ActiveCfg = Release|Any CPU
		{659AC414-9B82-4C6F-899B-0EAA64100326}.Release|Any CPU.Build.0 = Release|Any CPU
		{659AC414-9B82-4C6F-899B-0EAA64100326}.Release|x64.ActiveCfg = Release|Any CPU
		{659AC414-9B82-4C6F-899B-0EAA64100326}.Release|x64.Build.0 = Release|Any CPU
		{659AC414-9B82-4C6F-899B-0EAA64100326}.Release|x86.ActiveCfg = Release|Any CPU
		{659AC414-9B82-4C6F-899B-0EAA64100326}.Release|x86.Build.0 = Release|Any CPU
		{26ED4E7D-FF36-42BC-AB3B-AC5282172459}.Debug|Any CPU.ActiveCfg = Debug|Any CPU
		{26ED4E7D-FF36-42BC-AB3B-AC5282172459}.Debug|Any CPU.Build.0 = Debug|Any CPU
		{26ED4E7D-FF36-42BC-AB3B-AC5282172459}.Debug|x64.ActiveCfg = Debug|Any CPU
		{26ED4E7D-FF36-42BC-AB3B-AC5282172459}.Debug|x64.Build.0 = Debug|Any CPU
		{26ED4E7D-FF36-42BC-AB3B-AC5282172459}.Debug|x86.ActiveCfg = Debug|Any CPU
		{26ED4E7D-FF36-42BC-AB3B-AC5282172459}.Debug|x86.Build.0 = Debug|Any CPU
		{26ED4E7D-FF36-42BC-AB3B-AC5282172459}.Release|Any CPU.ActiveCfg = Release|Any CPU
		{26ED4E7D-FF36-42BC-AB3B-AC5282172459}.Release|Any CPU.Build.0 = Release|Any CPU
		{26ED4E7D-FF36-42BC-AB3B-AC5282172459}.Release|x64.ActiveCfg = Release|Any CPU
		{26ED4E7D-FF36-42BC-AB3B-AC5282172459}.Release|x64.Build.0 = Release|Any CPU
		{26ED4E7D-FF36-42BC-AB3B-AC5282172459}.Release|x86.ActiveCfg = Release|Any CPU
		{26ED4E7D-FF36-42BC-AB3B-AC5282172459}.Release|x86.Build.0 = Release|Any CPU
		{D699C499-39F0-4A3A-8B2F-D738B3C089FF}.Debug|Any CPU.ActiveCfg = Debug|Any CPU
		{D699C499-39F0-4A3A-8B2F-D738B3C089FF}.Debug|Any CPU.Build.0 = Debug|Any CPU
		{D699C499-39F0-4A3A-8B2F-D738B3C089FF}.Debug|x64.ActiveCfg = Debug|Any CPU
		{D699C499-39F0-4A3A-8B2F-D738B3C089FF}.Debug|x64.Build.0 = Debug|Any CPU
		{D699C499-39F0-4A3A-8B2F-D738B3C089FF}.Debug|x86.ActiveCfg = Debug|Any CPU
		{D699C499-39F0-4A3A-8B2F-D738B3C089FF}.Debug|x86.Build.0 = Debug|Any CPU
		{D699C499-39F0-4A3A-8B2F-D738B3C089FF}.Release|Any CPU.ActiveCfg = Release|Any CPU
		{D699C499-39F0-4A3A-8B2F-D738B3C089FF}.Release|Any CPU.Build.0 = Release|Any CPU
		{D699C499-39F0-4A3A-8B2F-D738B3C089FF}.Release|x64.ActiveCfg = Release|Any CPU
		{D699C499-39F0-4A3A-8B2F-D738B3C089FF}.Release|x64.Build.0 = Release|Any CPU
		{D699C499-39F0-4A3A-8B2F-D738B3C089FF}.Release|x86.ActiveCfg = Release|Any CPU
		{D699C499-39F0-4A3A-8B2F-D738B3C089FF}.Release|x86.Build.0 = Release|Any CPU
		{54241A39-7077-406A-A6C7-071BB2A45AE2}.Debug|Any CPU.ActiveCfg = Debug|Any CPU
		{54241A39-7077-406A-A6C7-071BB2A45AE2}.Debug|Any CPU.Build.0 = Debug|Any CPU
		{54241A39-7077-406A-A6C7-071BB2A45AE2}.Debug|x64.ActiveCfg = Debug|Any CPU
		{54241A39-7077-406A-A6C7-071BB2A45AE2}.Debug|x64.Build.0 = Debug|Any CPU
		{54241A39-7077-406A-A6C7-071BB2A45AE2}.Debug|x86.ActiveCfg = Debug|Any CPU
		{54241A39-7077-406A-A6C7-071BB2A45AE2}.Debug|x86.Build.0 = Debug|Any CPU
		{54241A39-7077-406A-A6C7-071BB2A45AE2}.Release|Any CPU.ActiveCfg = Release|Any CPU
		{54241A39-7077-406A-A6C7-071BB2A45AE2}.Release|Any CPU.Build.0 = Release|Any CPU
		{54241A39-7077-406A-A6C7-071BB2A45AE2}.Release|x64.ActiveCfg = Release|Any CPU
		{54241A39-7077-406A-A6C7-071BB2A45AE2}.Release|x64.Build.0 = Release|Any CPU
		{54241A39-7077-406A-A6C7-071BB2A45AE2}.Release|x86.ActiveCfg = Release|Any CPU
		{54241A39-7077-406A-A6C7-071BB2A45AE2}.Release|x86.Build.0 = Release|Any CPU
		{025E2CF3-0995-4A9D-BA35-7319821DC957}.Debug|Any CPU.ActiveCfg = Debug|Any CPU
		{025E2CF3-0995-4A9D-BA35-7319821DC957}.Debug|Any CPU.Build.0 = Debug|Any CPU
		{025E2CF3-0995-4A9D-BA35-7319821DC957}.Debug|x64.ActiveCfg = Debug|Any CPU
		{025E2CF3-0995-4A9D-BA35-7319821DC957}.Debug|x64.Build.0 = Debug|Any CPU
		{025E2CF3-0995-4A9D-BA35-7319821DC957}.Debug|x86.ActiveCfg = Debug|Any CPU
		{025E2CF3-0995-4A9D-BA35-7319821DC957}.Debug|x86.Build.0 = Debug|Any CPU
		{025E2CF3-0995-4A9D-BA35-7319821DC957}.Release|Any CPU.ActiveCfg = Release|Any CPU
		{025E2CF3-0995-4A9D-BA35-7319821DC957}.Release|Any CPU.Build.0 = Release|Any CPU
		{025E2CF3-0995-4A9D-BA35-7319821DC957}.Release|x64.ActiveCfg = Release|Any CPU
		{025E2CF3-0995-4A9D-BA35-7319821DC957}.Release|x64.Build.0 = Release|Any CPU
		{025E2CF3-0995-4A9D-BA35-7319821DC957}.Release|x86.ActiveCfg = Release|Any CPU
		{025E2CF3-0995-4A9D-BA35-7319821DC957}.Release|x86.Build.0 = Release|Any CPU
	EndGlobalSection
	GlobalSection(NestedProjects) = preSolution
		{4F5E7D84-043B-49A9-A911-5C0674567CB2} = {2EB035E4-C1E8-42A6-8480-5F8A11EA4C59}
		{FCB38878-57CB-4C07-BEF1-61981938DE05} = {516AA78D-A20F-4DE4-89DE-238A8B803001}
		{659AC414-9B82-4C6F-899B-0EAA64100326} = {516AA78D-A20F-4DE4-89DE-238A8B803001}
		{26ED4E7D-FF36-42BC-AB3B-AC5282172459} = {516AA78D-A20F-4DE4-89DE-238A8B803001}
		{D699C499-39F0-4A3A-8B2F-D738B3C089FF} = {516AA78D-A20F-4DE4-89DE-238A8B803001}
	EndGlobalSection
EndGlobal
